// !$*UTF8*$!
{
	archiveVersion = 1;
	classes = {
	};
	objectVersion = 56;
	objects = {

/* Begin PBXBuildFile section */
		9B036E482C56BFC9008DD8CE /* hikeData.json in Resources */ = {isa = PBXBuildFile; fileRef = 9B036E472C56BFC9008DD8CE /* hikeData.json */; };
		9B036E4C2C56C003008DD8CE /* Hike.swift in Sources */ = {isa = PBXBuildFile; fileRef = 9B036E4B2C56C003008DD8CE /* Hike.swift */; };
		9B036E522C56C07B008DD8CE /* GraphCapsule.swift in Sources */ = {isa = PBXBuildFile; fileRef = 9B036E4D2C56C07B008DD8CE /* GraphCapsule.swift */; };
		9B036E532C56C07B008DD8CE /* HikeDetail.swift in Sources */ = {isa = PBXBuildFile; fileRef = 9B036E4E2C56C07B008DD8CE /* HikeDetail.swift */; };
		9B036E542C56C07B008DD8CE /* HikeGraph.swift in Sources */ = {isa = PBXBuildFile; fileRef = 9B036E4F2C56C07B008DD8CE /* HikeGraph.swift */; };
		9B036E552C56C07B008DD8CE /* HikeView.swift in Sources */ = {isa = PBXBuildFile; fileRef = 9B036E502C56C07B008DD8CE /* HikeView.swift */; };
		9B036E582C56D5F5008DD8CE /* CategoryHome.swift in Sources */ = {isa = PBXBuildFile; fileRef = 9B036E572C56D5F5008DD8CE /* CategoryHome.swift */; };
		9B036E5A2C56D741008DD8CE /* CategoryRow.swift in Sources */ = {isa = PBXBuildFile; fileRef = 9B036E592C56D741008DD8CE /* CategoryRow.swift */; };
		9B036E5C2C56D84F008DD8CE /* CategoryItem.swift in Sources */ = {isa = PBXBuildFile; fileRef = 9B036E5B2C56D84F008DD8CE /* CategoryItem.swift */; };
		9B036E5E2C56DE2F008DD8CE /* Profile.swift in Sources */ = {isa = PBXBuildFile; fileRef = 9B036E5D2C56DE2F008DD8CE /* Profile.swift */; };
		9B036E612C56DE6A008DD8CE /* ProfileHost.swift in Sources */ = {isa = PBXBuildFile; fileRef = 9B036E602C56DE6A008DD8CE /* ProfileHost.swift */; };
		9B036E632C56DEBA008DD8CE /* ProfileSummary.swift in Sources */ = {isa = PBXBuildFile; fileRef = 9B036E622C56DEBA008DD8CE /* ProfileSummary.swift */; };
		9B036E652C56DF16008DD8CE /* HikeBadge.swift in Sources */ = {isa = PBXBuildFile; fileRef = 9B036E642C56DF16008DD8CE /* HikeBadge.swift */; };
		9B036E672C56E3A6008DD8CE /* ProfileEditor.swift in Sources */ = {isa = PBXBuildFile; fileRef = 9B036E662C56E3A6008DD8CE /* ProfileEditor.swift */; };
		9B036E6A2C56E6A1008DD8CE /* PageViewController.swift in Sources */ = {isa = PBXBuildFile; fileRef = 9B036E692C56E6A1008DD8CE /* PageViewController.swift */; };
		9B036E6C2C56F615008DD8CE /* FeatureCard.swift in Sources */ = {isa = PBXBuildFile; fileRef = 9B036E6B2C56F615008DD8CE /* FeatureCard.swift */; };
		9B036E6E2C56F66F008DD8CE /* PageView.swift in Sources */ = {isa = PBXBuildFile; fileRef = 9B036E6D2C56F66F008DD8CE /* PageView.swift */; };
		9B036E702C571706008DD8CE /* PageControl.swift in Sources */ = {isa = PBXBuildFile; fileRef = 9B036E6F2C571706008DD8CE /* PageControl.swift */; };
		9B036E7A2C571CCC008DD8CE /* ContentView.swift in Sources */ = {isa = PBXBuildFile; fileRef = 9B036E792C571CCC008DD8CE /* ContentView.swift */; };
		9B036E7C2C571CCD008DD8CE /* Assets.xcassets in Resources */ = {isa = PBXBuildFile; fileRef = 9B036E7B2C571CCD008DD8CE /* Assets.xcassets */; };
		9B036E7F2C571CCD008DD8CE /* Preview Assets.xcassets in Resources */ = {isa = PBXBuildFile; fileRef = 9B036E7E2C571CCD008DD8CE /* Preview Assets.xcassets */; };
		9B036E822C571CCD008DD8CE /* WatchLandmarks Watch App.app in Embed Watch Content */ = {isa = PBXBuildFile; fileRef = 9B036E752C571CCC008DD8CE /* WatchLandmarks Watch App.app */; settings = {ATTRIBUTES = (RemoveHeadersOnCopy, ); }; };
		9B036E872C571E2E008DD8CE /* hikeData.json in Resources */ = {isa = PBXBuildFile; fileRef = 9B036E472C56BFC9008DD8CE /* hikeData.json */; };
		9B036E882C571E2E008DD8CE /* landmarkData.json in Resources */ = {isa = PBXBuildFile; fileRef = 9BB237E52C52093800D216EA /* landmarkData.json */; };
		9B036E892C571E2E008DD8CE /* Assets.xcassets in Resources */ = {isa = PBXBuildFile; fileRef = 9BA155612C51F7AE00345DA0 /* Assets.xcassets */; };
		9B036E8A2C571E2E008DD8CE /* ModelData.swift in Sources */ = {isa = PBXBuildFile; fileRef = 9B6BC1A02C520B060051C780 /* ModelData.swift */; };
		9B036E8B2C571E2E008DD8CE /* Profile.swift in Sources */ = {isa = PBXBuildFile; fileRef = 9B036E5D2C56DE2F008DD8CE /* Profile.swift */; };
		9B036E8D2C571E2E008DD8CE /* CircleImage.swift in Sources */ = {isa = PBXBuildFile; fileRef = 9BB237E12C52040200D216EA /* CircleImage.swift */; };
		9B036E8E2C571E2E008DD8CE /* Landmark.swift in Sources */ = {isa = PBXBuildFile; fileRef = 9BB237E72C52095A00D216EA /* Landmark.swift */; };
		9B036E8F2C571E2E008DD8CE /* Hike.swift in Sources */ = {isa = PBXBuildFile; fileRef = 9B036E4B2C56C003008DD8CE /* Hike.swift */; };
		9B036E902C571E2E008DD8CE /* LandmarkRow.swift in Sources */ = {isa = PBXBuildFile; fileRef = 9B6BC1A62C520D560051C780 /* LandmarkRow.swift */; };
		9B036E912C571E2E008DD8CE /* MapView.swift in Sources */ = {isa = PBXBuildFile; fileRef = 9BB237E32C52048200D216EA /* MapView.swift */; };
		9B036E922C571E2E008DD8CE /* LandmarksApp.swift in Sources */ = {isa = PBXBuildFile; fileRef = 9BA1555D2C51F7AC00345DA0 /* LandmarksApp.swift */; };
		9B036E942C571E94008DD8CE /* LandmarkDetail.swift in Sources */ = {isa = PBXBuildFile; fileRef = 9B036E932C571E94008DD8CE /* LandmarkDetail.swift */; };
		9B1F46B72C574FC6002D3FC2 /* RealityKitContent in Frameworks */ = {isa = PBXBuildFile; productRef = 9B1F46B62C574FC6002D3FC2 /* RealityKitContent */; };
		9B1F46BB2C574FC6002D3FC2 /* ContentView.swift in Sources */ = {isa = PBXBuildFile; fileRef = 9B1F46BA2C574FC6002D3FC2 /* ContentView.swift */; };
		9B1F46BD2C574FC6002D3FC2 /* ImmersiveView.swift in Sources */ = {isa = PBXBuildFile; fileRef = 9B1F46BC2C574FC6002D3FC2 /* ImmersiveView.swift */; };
		9B1F46BF2C574FC7002D3FC2 /* Assets.xcassets in Resources */ = {isa = PBXBuildFile; fileRef = 9B1F46BE2C574FC7002D3FC2 /* Assets.xcassets */; };
		9B1F46C22C574FC7002D3FC2 /* Preview Assets.xcassets in Resources */ = {isa = PBXBuildFile; fileRef = 9B1F46C12C574FC7002D3FC2 /* Preview Assets.xcassets */; };
		9B1F46C72C575101002D3FC2 /* LandmarkRow.swift in Sources */ = {isa = PBXBuildFile; fileRef = 9B6BC1A62C520D560051C780 /* LandmarkRow.swift */; };
		9B1F46C82C575101002D3FC2 /* ModelData.swift in Sources */ = {isa = PBXBuildFile; fileRef = 9B6BC1A02C520B060051C780 /* ModelData.swift */; };
		9B1F46C92C575101002D3FC2 /* Landmark.swift in Sources */ = {isa = PBXBuildFile; fileRef = 9BB237E72C52095A00D216EA /* Landmark.swift */; };
		9B1F46CA2C575101002D3FC2 /* LandmarkList.swift in Sources */ = {isa = PBXBuildFile; fileRef = 9B6BC1A82C520FC70051C780 /* LandmarkList.swift */; };
		9B1F46CB2C575101002D3FC2 /* MapView.swift in Sources */ = {isa = PBXBuildFile; fileRef = 9BB237E32C52048200D216EA /* MapView.swift */; };
		9B1F46CC2C575101002D3FC2 /* LandmarkDetail.swift in Sources */ = {isa = PBXBuildFile; fileRef = 9B6BC1AA2C5210910051C780 /* LandmarkDetail.swift */; };
		9B1F46CD2C575101002D3FC2 /* Hike.swift in Sources */ = {isa = PBXBuildFile; fileRef = 9B036E4B2C56C003008DD8CE /* Hike.swift */; };
		9B1F46CE2C575101002D3FC2 /* CircleImage.swift in Sources */ = {isa = PBXBuildFile; fileRef = 9BB237E12C52040200D216EA /* CircleImage.swift */; };
		9B1F46CF2C575101002D3FC2 /* LandmarksApp.swift in Sources */ = {isa = PBXBuildFile; fileRef = 9BA1555D2C51F7AC00345DA0 /* LandmarksApp.swift */; };
		9B1F46D02C575101002D3FC2 /* FavoriteButton.swift in Sources */ = {isa = PBXBuildFile; fileRef = 9B4970AF2C535D7E00A12041 /* FavoriteButton.swift */; };
		9B1F46D12C575101002D3FC2 /* Profile.swift in Sources */ = {isa = PBXBuildFile; fileRef = 9B036E5D2C56DE2F008DD8CE /* Profile.swift */; };
		9B1F46D22C575101002D3FC2 /* landmarkData.json in Resources */ = {isa = PBXBuildFile; fileRef = 9BB237E52C52093800D216EA /* landmarkData.json */; };
		9B1F46D32C575101002D3FC2 /* Assets.xcassets in Resources */ = {isa = PBXBuildFile; fileRef = 9BA155612C51F7AE00345DA0 /* Assets.xcassets */; };
		9B1F46D42C575101002D3FC2 /* hikeData.json in Resources */ = {isa = PBXBuildFile; fileRef = 9B036E472C56BFC9008DD8CE /* hikeData.json */; };
		9B1F46D52C575133002D3FC2 /* LandmarkCommands.swift in Sources */ = {isa = PBXBuildFile; fileRef = 9BC6D8F12C5736470090D46F /* LandmarkCommands.swift */; };
		9B1F46D62C575363002D3FC2 /* CategoryHome.swift in Sources */ = {isa = PBXBuildFile; fileRef = 9B036E572C56D5F5008DD8CE /* CategoryHome.swift */; };
		9B1F46D72C575363002D3FC2 /* CategoryRow.swift in Sources */ = {isa = PBXBuildFile; fileRef = 9B036E592C56D741008DD8CE /* CategoryRow.swift */; };
		9B1F46D82C575363002D3FC2 /* CategoryItem.swift in Sources */ = {isa = PBXBuildFile; fileRef = 9B036E5B2C56D84F008DD8CE /* CategoryItem.swift */; };
		9B1F46D92C575371002D3FC2 /* PageControl.swift in Sources */ = {isa = PBXBuildFile; fileRef = 9B036E6F2C571706008DD8CE /* PageControl.swift */; };
		9B1F46DA2C575371002D3FC2 /* PageViewController.swift in Sources */ = {isa = PBXBuildFile; fileRef = 9B036E692C56E6A1008DD8CE /* PageViewController.swift */; };
		9B1F46DB2C575371002D3FC2 /* FeatureCard.swift in Sources */ = {isa = PBXBuildFile; fileRef = 9B036E6B2C56F615008DD8CE /* FeatureCard.swift */; };
		9B1F46DC2C575371002D3FC2 /* PageView.swift in Sources */ = {isa = PBXBuildFile; fileRef = 9B036E6D2C56F66F008DD8CE /* PageView.swift */; };
		9B1F46DD2C57538A002D3FC2 /* ProfileHost.swift in Sources */ = {isa = PBXBuildFile; fileRef = 9B036E602C56DE6A008DD8CE /* ProfileHost.swift */; };
		9B1F46DE2C57538A002D3FC2 /* ProfileSummary.swift in Sources */ = {isa = PBXBuildFile; fileRef = 9B036E622C56DEBA008DD8CE /* ProfileSummary.swift */; };
		9B1F46DF2C57538A002D3FC2 /* ProfileEditor.swift in Sources */ = {isa = PBXBuildFile; fileRef = 9B036E662C56E3A6008DD8CE /* ProfileEditor.swift */; };
		9B1F46E02C575398002D3FC2 /* HikeBadge.swift in Sources */ = {isa = PBXBuildFile; fileRef = 9B036E642C56DF16008DD8CE /* HikeBadge.swift */; };
		9B1F46E12C575398002D3FC2 /* HikeGraph.swift in Sources */ = {isa = PBXBuildFile; fileRef = 9B036E4F2C56C07B008DD8CE /* HikeGraph.swift */; };
		9B1F46E22C575398002D3FC2 /* HikeDetail.swift in Sources */ = {isa = PBXBuildFile; fileRef = 9B036E4E2C56C07B008DD8CE /* HikeDetail.swift */; };
		9B1F46E32C575398002D3FC2 /* HikeView.swift in Sources */ = {isa = PBXBuildFile; fileRef = 9B036E502C56C07B008DD8CE /* HikeView.swift */; };
		9B1F46E42C575398002D3FC2 /* GraphCapsule.swift in Sources */ = {isa = PBXBuildFile; fileRef = 9B036E4D2C56C07B008DD8CE /* GraphCapsule.swift */; };
		9B1F46E52C57539E002D3FC2 /* BadgeBackground.swift in Sources */ = {isa = PBXBuildFile; fileRef = 9B4970B52C54B3FF00A12041 /* BadgeBackground.swift */; };
		9B1F46E62C57539E002D3FC2 /* HexagonParameters.swift in Sources */ = {isa = PBXBuildFile; fileRef = 9B4970B32C54A5F600A12041 /* HexagonParameters.swift */; };
		9B1F46E72C57539E002D3FC2 /* RotatedBadgeSymbol.swift in Sources */ = {isa = PBXBuildFile; fileRef = 9B4970B92C54B7DE00A12041 /* RotatedBadgeSymbol.swift */; };
		9B1F46E82C57539E002D3FC2 /* Badge.swift in Sources */ = {isa = PBXBuildFile; fileRef = 9B4970BB2C54BA3B00A12041 /* Badge.swift */; };
		9B1F46E92C57539E002D3FC2 /* BadgeSymbol.swift in Sources */ = {isa = PBXBuildFile; fileRef = 9B4970B72C54B74700A12041 /* BadgeSymbol.swift */; };
		9B4970B02C535D7E00A12041 /* FavoriteButton.swift in Sources */ = {isa = PBXBuildFile; fileRef = 9B4970AF2C535D7E00A12041 /* FavoriteButton.swift */; };
		9B4970B42C54A5F600A12041 /* HexagonParameters.swift in Sources */ = {isa = PBXBuildFile; fileRef = 9B4970B32C54A5F600A12041 /* HexagonParameters.swift */; };
		9B4970B62C54B3FF00A12041 /* BadgeBackground.swift in Sources */ = {isa = PBXBuildFile; fileRef = 9B4970B52C54B3FF00A12041 /* BadgeBackground.swift */; };
		9B4970B82C54B74700A12041 /* BadgeSymbol.swift in Sources */ = {isa = PBXBuildFile; fileRef = 9B4970B72C54B74700A12041 /* BadgeSymbol.swift */; };
		9B4970BA2C54B7DE00A12041 /* RotatedBadgeSymbol.swift in Sources */ = {isa = PBXBuildFile; fileRef = 9B4970B92C54B7DE00A12041 /* RotatedBadgeSymbol.swift */; };
		9B4970BC2C54BA3B00A12041 /* Badge.swift in Sources */ = {isa = PBXBuildFile; fileRef = 9B4970BB2C54BA3B00A12041 /* Badge.swift */; };
		9B6BC1A12C520B060051C780 /* ModelData.swift in Sources */ = {isa = PBXBuildFile; fileRef = 9B6BC1A02C520B060051C780 /* ModelData.swift */; };
		9B6BC1A72C520D560051C780 /* LandmarkRow.swift in Sources */ = {isa = PBXBuildFile; fileRef = 9B6BC1A62C520D560051C780 /* LandmarkRow.swift */; };
		9B6BC1A92C520FC70051C780 /* LandmarkList.swift in Sources */ = {isa = PBXBuildFile; fileRef = 9B6BC1A82C520FC70051C780 /* LandmarkList.swift */; };
		9B6BC1AB2C5210910051C780 /* LandmarkDetail.swift in Sources */ = {isa = PBXBuildFile; fileRef = 9B6BC1AA2C5210910051C780 /* LandmarkDetail.swift */; };
		9BA1555E2C51F7AC00345DA0 /* LandmarksApp.swift in Sources */ = {isa = PBXBuildFile; fileRef = 9BA1555D2C51F7AC00345DA0 /* LandmarksApp.swift */; };
		9BA155602C51F7AC00345DA0 /* ContentView.swift in Sources */ = {isa = PBXBuildFile; fileRef = 9BA1555F2C51F7AC00345DA0 /* ContentView.swift */; };
		9BA155622C51F7AE00345DA0 /* Assets.xcassets in Resources */ = {isa = PBXBuildFile; fileRef = 9BA155612C51F7AE00345DA0 /* Assets.xcassets */; };
		9BA155652C51F7AE00345DA0 /* Preview Assets.xcassets in Resources */ = {isa = PBXBuildFile; fileRef = 9BA155642C51F7AE00345DA0 /* Preview Assets.xcassets */; };
		9BA1556F2C51F7AE00345DA0 /* LandmarksTests.swift in Sources */ = {isa = PBXBuildFile; fileRef = 9BA1556E2C51F7AE00345DA0 /* LandmarksTests.swift */; };
		9BA155792C51F7AE00345DA0 /* LandmarksUITests.swift in Sources */ = {isa = PBXBuildFile; fileRef = 9BA155782C51F7AE00345DA0 /* LandmarksUITests.swift */; };
		9BA1557B2C51F7AE00345DA0 /* LandmarksUITestsLaunchTests.swift in Sources */ = {isa = PBXBuildFile; fileRef = 9BA1557A2C51F7AE00345DA0 /* LandmarksUITestsLaunchTests.swift */; };
		9BB237E22C52040200D216EA /* CircleImage.swift in Sources */ = {isa = PBXBuildFile; fileRef = 9BB237E12C52040200D216EA /* CircleImage.swift */; };
		9BB237E42C52048200D216EA /* MapView.swift in Sources */ = {isa = PBXBuildFile; fileRef = 9BB237E32C52048200D216EA /* MapView.swift */; };
		9BB237E62C52093800D216EA /* landmarkData.json in Resources */ = {isa = PBXBuildFile; fileRef = 9BB237E52C52093800D216EA /* landmarkData.json */; };
		9BB237E82C52095A00D216EA /* Landmark.swift in Sources */ = {isa = PBXBuildFile; fileRef = 9BB237E72C52095A00D216EA /* Landmark.swift */; };
		9BC6D8C92C5727BC0090D46F /* NotificationView.swift in Sources */ = {isa = PBXBuildFile; fileRef = 9BC6D8C82C5727BC0090D46F /* NotificationView.swift */; };
		9BC6D8CB2C57281E0090D46F /* NotificationController.swift in Sources */ = {isa = PBXBuildFile; fileRef = 9BC6D8CA2C57281E0090D46F /* NotificationController.swift */; };
		9BC6D8D62C572B9E0090D46F /* ContentView.swift in Sources */ = {isa = PBXBuildFile; fileRef = 9BC6D8D52C572B9E0090D46F /* ContentView.swift */; };
		9BC6D8D82C572B9F0090D46F /* Assets.xcassets in Resources */ = {isa = PBXBuildFile; fileRef = 9BC6D8D72C572B9F0090D46F /* Assets.xcassets */; };
		9BC6D8DB2C572B9F0090D46F /* Preview Assets.xcassets in Resources */ = {isa = PBXBuildFile; fileRef = 9BC6D8DA2C572B9F0090D46F /* Preview Assets.xcassets */; };
		9BC6D8E02C572C590090D46F /* LandmarkRow.swift in Sources */ = {isa = PBXBuildFile; fileRef = 9B6BC1A62C520D560051C780 /* LandmarkRow.swift */; };
		9BC6D8E12C572C590090D46F /* ModelData.swift in Sources */ = {isa = PBXBuildFile; fileRef = 9B6BC1A02C520B060051C780 /* ModelData.swift */; };
		9BC6D8E22C572C590090D46F /* Hike.swift in Sources */ = {isa = PBXBuildFile; fileRef = 9B036E4B2C56C003008DD8CE /* Hike.swift */; };
		9BC6D8E32C572C590090D46F /* Landmark.swift in Sources */ = {isa = PBXBuildFile; fileRef = 9BB237E72C52095A00D216EA /* Landmark.swift */; };
		9BC6D8E42C572C590090D46F /* LandmarkList.swift in Sources */ = {isa = PBXBuildFile; fileRef = 9B6BC1A82C520FC70051C780 /* LandmarkList.swift */; };
		9BC6D8E52C572C590090D46F /* CircleImage.swift in Sources */ = {isa = PBXBuildFile; fileRef = 9BB237E12C52040200D216EA /* CircleImage.swift */; };
		9BC6D8E62C572C590090D46F /* Profile.swift in Sources */ = {isa = PBXBuildFile; fileRef = 9B036E5D2C56DE2F008DD8CE /* Profile.swift */; };
		9BC6D8E72C572C590090D46F /* LandmarksApp.swift in Sources */ = {isa = PBXBuildFile; fileRef = 9BA1555D2C51F7AC00345DA0 /* LandmarksApp.swift */; };
		9BC6D8E82C572C590090D46F /* MapView.swift in Sources */ = {isa = PBXBuildFile; fileRef = 9BB237E32C52048200D216EA /* MapView.swift */; };
		9BC6D8E92C572C590090D46F /* FavoriteButton.swift in Sources */ = {isa = PBXBuildFile; fileRef = 9B4970AF2C535D7E00A12041 /* FavoriteButton.swift */; };
		9BC6D8EA2C572C590090D46F /* Assets.xcassets in Resources */ = {isa = PBXBuildFile; fileRef = 9BA155612C51F7AE00345DA0 /* Assets.xcassets */; };
		9BC6D8EB2C572C590090D46F /* landmarkData.json in Resources */ = {isa = PBXBuildFile; fileRef = 9BB237E52C52093800D216EA /* landmarkData.json */; };
		9BC6D8EC2C572C590090D46F /* hikeData.json in Resources */ = {isa = PBXBuildFile; fileRef = 9B036E472C56BFC9008DD8CE /* hikeData.json */; };
		9BC6D8EE2C572CF90090D46F /* LandmarkDetail.swift in Sources */ = {isa = PBXBuildFile; fileRef = 9BC6D8ED2C572CF90090D46F /* LandmarkDetail.swift */; };
		9BC6D8F02C57307A0090D46F /* LandmarkList.swift in Sources */ = {isa = PBXBuildFile; fileRef = 9BC6D8EF2C57307A0090D46F /* LandmarkList.swift */; };
		9BC6D8F22C5736470090D46F /* LandmarkCommands.swift in Sources */ = {isa = PBXBuildFile; fileRef = 9BC6D8F12C5736470090D46F /* LandmarkCommands.swift */; };
		9BC6D8F32C5736470090D46F /* LandmarkCommands.swift in Sources */ = {isa = PBXBuildFile; fileRef = 9BC6D8F12C5736470090D46F /* LandmarkCommands.swift */; };
		9BC6D8F52C573A7D0090D46F /* LandmarkSettings.swift in Sources */ = {isa = PBXBuildFile; fileRef = 9BC6D8F42C573A7D0090D46F /* LandmarkSettings.swift */; };
/* End PBXBuildFile section */

/* Begin PBXContainerItemProxy section */
		9B036E802C571CCD008DD8CE /* PBXContainerItemProxy */ = {
			isa = PBXContainerItemProxy;
			containerPortal = 9BA155522C51F7AC00345DA0 /* Project object */;
			proxyType = 1;
			remoteGlobalIDString = 9B036E742C571CCC008DD8CE;
			remoteInfo = "WatchLandmarks Watch App";
		};
		9BA1556B2C51F7AE00345DA0 /* PBXContainerItemProxy */ = {
			isa = PBXContainerItemProxy;
			containerPortal = 9BA155522C51F7AC00345DA0 /* Project object */;
			proxyType = 1;
			remoteGlobalIDString = 9BA155592C51F7AC00345DA0;
			remoteInfo = Landmarks;
		};
		9BA155752C51F7AE00345DA0 /* PBXContainerItemProxy */ = {
			isa = PBXContainerItemProxy;
			containerPortal = 9BA155522C51F7AC00345DA0 /* Project object */;
			proxyType = 1;
			remoteGlobalIDString = 9BA155592C51F7AC00345DA0;
			remoteInfo = Landmarks;
		};
/* End PBXContainerItemProxy section */

/* Begin PBXCopyFilesBuildPhase section */
		9B036E862C571CCD008DD8CE /* Embed Watch Content */ = {
			isa = PBXCopyFilesBuildPhase;
			buildActionMask = 2147483647;
			dstPath = "$(CONTENTS_FOLDER_PATH)/Watch";
			dstSubfolderSpec = 16;
			files = (
				9B036E822C571CCD008DD8CE /* WatchLandmarks Watch App.app in Embed Watch Content */,
			);
			name = "Embed Watch Content";
			runOnlyForDeploymentPostprocessing = 0;
		};
/* End PBXCopyFilesBuildPhase section */

/* Begin PBXFileReference section */
		9B036E472C56BFC9008DD8CE /* hikeData.json */ = {isa = PBXFileReference; fileEncoding = 4; lastKnownFileType = text.json; path = hikeData.json; sourceTree = "<group>"; };
		9B036E4B2C56C003008DD8CE /* Hike.swift */ = {isa = PBXFileReference; lastKnownFileType = sourcecode.swift; path = Hike.swift; sourceTree = "<group>"; };
		9B036E4D2C56C07B008DD8CE /* GraphCapsule.swift */ = {isa = PBXFileReference; fileEncoding = 4; lastKnownFileType = sourcecode.swift; path = GraphCapsule.swift; sourceTree = "<group>"; };
		9B036E4E2C56C07B008DD8CE /* HikeDetail.swift */ = {isa = PBXFileReference; fileEncoding = 4; lastKnownFileType = sourcecode.swift; path = HikeDetail.swift; sourceTree = "<group>"; };
		9B036E4F2C56C07B008DD8CE /* HikeGraph.swift */ = {isa = PBXFileReference; fileEncoding = 4; lastKnownFileType = sourcecode.swift; path = HikeGraph.swift; sourceTree = "<group>"; };
		9B036E502C56C07B008DD8CE /* HikeView.swift */ = {isa = PBXFileReference; fileEncoding = 4; lastKnownFileType = sourcecode.swift; path = HikeView.swift; sourceTree = "<group>"; };
		9B036E572C56D5F5008DD8CE /* CategoryHome.swift */ = {isa = PBXFileReference; lastKnownFileType = sourcecode.swift; path = CategoryHome.swift; sourceTree = "<group>"; };
		9B036E592C56D741008DD8CE /* CategoryRow.swift */ = {isa = PBXFileReference; lastKnownFileType = sourcecode.swift; path = CategoryRow.swift; sourceTree = "<group>"; };
		9B036E5B2C56D84F008DD8CE /* CategoryItem.swift */ = {isa = PBXFileReference; lastKnownFileType = sourcecode.swift; path = CategoryItem.swift; sourceTree = "<group>"; };
		9B036E5D2C56DE2F008DD8CE /* Profile.swift */ = {isa = PBXFileReference; lastKnownFileType = sourcecode.swift; path = Profile.swift; sourceTree = "<group>"; };
		9B036E602C56DE6A008DD8CE /* ProfileHost.swift */ = {isa = PBXFileReference; lastKnownFileType = sourcecode.swift; path = ProfileHost.swift; sourceTree = "<group>"; };
		9B036E622C56DEBA008DD8CE /* ProfileSummary.swift */ = {isa = PBXFileReference; lastKnownFileType = sourcecode.swift; path = ProfileSummary.swift; sourceTree = "<group>"; };
		9B036E642C56DF16008DD8CE /* HikeBadge.swift */ = {isa = PBXFileReference; lastKnownFileType = sourcecode.swift; path = HikeBadge.swift; sourceTree = "<group>"; };
		9B036E662C56E3A6008DD8CE /* ProfileEditor.swift */ = {isa = PBXFileReference; lastKnownFileType = sourcecode.swift; path = ProfileEditor.swift; sourceTree = "<group>"; };
		9B036E692C56E6A1008DD8CE /* PageViewController.swift */ = {isa = PBXFileReference; lastKnownFileType = sourcecode.swift; path = PageViewController.swift; sourceTree = "<group>"; };
		9B036E6B2C56F615008DD8CE /* FeatureCard.swift */ = {isa = PBXFileReference; lastKnownFileType = sourcecode.swift; path = FeatureCard.swift; sourceTree = "<group>"; };
		9B036E6D2C56F66F008DD8CE /* PageView.swift */ = {isa = PBXFileReference; lastKnownFileType = sourcecode.swift; path = PageView.swift; sourceTree = "<group>"; };
		9B036E6F2C571706008DD8CE /* PageControl.swift */ = {isa = PBXFileReference; lastKnownFileType = sourcecode.swift; path = PageControl.swift; sourceTree = "<group>"; };
		9B036E752C571CCC008DD8CE /* WatchLandmarks Watch App.app */ = {isa = PBXFileReference; explicitFileType = wrapper.application; includeInIndex = 0; path = "WatchLandmarks Watch App.app"; sourceTree = BUILT_PRODUCTS_DIR; };
		9B036E792C571CCC008DD8CE /* ContentView.swift */ = {isa = PBXFileReference; lastKnownFileType = sourcecode.swift; path = ContentView.swift; sourceTree = "<group>"; };
		9B036E7B2C571CCD008DD8CE /* Assets.xcassets */ = {isa = PBXFileReference; lastKnownFileType = folder.assetcatalog; path = Assets.xcassets; sourceTree = "<group>"; };
		9B036E7E2C571CCD008DD8CE /* Preview Assets.xcassets */ = {isa = PBXFileReference; lastKnownFileType = folder.assetcatalog; path = "Preview Assets.xcassets"; sourceTree = "<group>"; };
		9B036E932C571E94008DD8CE /* LandmarkDetail.swift */ = {isa = PBXFileReference; lastKnownFileType = sourcecode.swift; path = LandmarkDetail.swift; sourceTree = "<group>"; };
		9B1F46B22C574FC6002D3FC2 /* VisionLandmarks.app */ = {isa = PBXFileReference; explicitFileType = wrapper.application; includeInIndex = 0; path = VisionLandmarks.app; sourceTree = BUILT_PRODUCTS_DIR; };
		9B1F46B52C574FC6002D3FC2 /* RealityKitContent */ = {isa = PBXFileReference; lastKnownFileType = wrapper; path = RealityKitContent; sourceTree = "<group>"; };
		9B1F46BA2C574FC6002D3FC2 /* ContentView.swift */ = {isa = PBXFileReference; lastKnownFileType = sourcecode.swift; path = ContentView.swift; sourceTree = "<group>"; };
		9B1F46BC2C574FC6002D3FC2 /* ImmersiveView.swift */ = {isa = PBXFileReference; lastKnownFileType = sourcecode.swift; path = ImmersiveView.swift; sourceTree = "<group>"; };
		9B1F46BE2C574FC7002D3FC2 /* Assets.xcassets */ = {isa = PBXFileReference; lastKnownFileType = folder.assetcatalog; path = Assets.xcassets; sourceTree = "<group>"; };
		9B1F46C12C574FC7002D3FC2 /* Preview Assets.xcassets */ = {isa = PBXFileReference; lastKnownFileType = folder.assetcatalog; path = "Preview Assets.xcassets"; sourceTree = "<group>"; };
		9B1F46C32C574FC7002D3FC2 /* Info.plist */ = {isa = PBXFileReference; lastKnownFileType = text.plist.xml; path = Info.plist; sourceTree = "<group>"; };
		9B4970AF2C535D7E00A12041 /* FavoriteButton.swift */ = {isa = PBXFileReference; lastKnownFileType = sourcecode.swift; path = FavoriteButton.swift; sourceTree = "<group>"; };
		9B4970B32C54A5F600A12041 /* HexagonParameters.swift */ = {isa = PBXFileReference; lastKnownFileType = sourcecode.swift; path = HexagonParameters.swift; sourceTree = "<group>"; };
		9B4970B52C54B3FF00A12041 /* BadgeBackground.swift */ = {isa = PBXFileReference; lastKnownFileType = sourcecode.swift; path = BadgeBackground.swift; sourceTree = "<group>"; };
		9B4970B72C54B74700A12041 /* BadgeSymbol.swift */ = {isa = PBXFileReference; lastKnownFileType = sourcecode.swift; path = BadgeSymbol.swift; sourceTree = "<group>"; };
		9B4970B92C54B7DE00A12041 /* RotatedBadgeSymbol.swift */ = {isa = PBXFileReference; lastKnownFileType = sourcecode.swift; path = RotatedBadgeSymbol.swift; sourceTree = "<group>"; };
		9B4970BB2C54BA3B00A12041 /* Badge.swift */ = {isa = PBXFileReference; lastKnownFileType = sourcecode.swift; path = Badge.swift; sourceTree = "<group>"; };
		9B6BC1A02C520B060051C780 /* ModelData.swift */ = {isa = PBXFileReference; lastKnownFileType = sourcecode.swift; path = ModelData.swift; sourceTree = "<group>"; };
		9B6BC1A62C520D560051C780 /* LandmarkRow.swift */ = {isa = PBXFileReference; lastKnownFileType = sourcecode.swift; path = LandmarkRow.swift; sourceTree = "<group>"; };
		9B6BC1A82C520FC70051C780 /* LandmarkList.swift */ = {isa = PBXFileReference; lastKnownFileType = sourcecode.swift; path = LandmarkList.swift; sourceTree = "<group>"; };
		9B6BC1AA2C5210910051C780 /* LandmarkDetail.swift */ = {isa = PBXFileReference; lastKnownFileType = sourcecode.swift; path = LandmarkDetail.swift; sourceTree = "<group>"; };
		9BA1555A2C51F7AC00345DA0 /* Landmarks.app */ = {isa = PBXFileReference; explicitFileType = wrapper.application; includeInIndex = 0; path = Landmarks.app; sourceTree = BUILT_PRODUCTS_DIR; };
		9BA1555D2C51F7AC00345DA0 /* LandmarksApp.swift */ = {isa = PBXFileReference; lastKnownFileType = sourcecode.swift; path = LandmarksApp.swift; sourceTree = "<group>"; };
		9BA1555F2C51F7AC00345DA0 /* ContentView.swift */ = {isa = PBXFileReference; lastKnownFileType = sourcecode.swift; path = ContentView.swift; sourceTree = "<group>"; };
		9BA155612C51F7AE00345DA0 /* Assets.xcassets */ = {isa = PBXFileReference; lastKnownFileType = folder.assetcatalog; path = Assets.xcassets; sourceTree = "<group>"; };
		9BA155642C51F7AE00345DA0 /* Preview Assets.xcassets */ = {isa = PBXFileReference; lastKnownFileType = folder.assetcatalog; path = "Preview Assets.xcassets"; sourceTree = "<group>"; };
		9BA1556A2C51F7AE00345DA0 /* LandmarksTests.xctest */ = {isa = PBXFileReference; explicitFileType = wrapper.cfbundle; includeInIndex = 0; path = LandmarksTests.xctest; sourceTree = BUILT_PRODUCTS_DIR; };
		9BA1556E2C51F7AE00345DA0 /* LandmarksTests.swift */ = {isa = PBXFileReference; lastKnownFileType = sourcecode.swift; path = LandmarksTests.swift; sourceTree = "<group>"; };
		9BA155742C51F7AE00345DA0 /* LandmarksUITests.xctest */ = {isa = PBXFileReference; explicitFileType = wrapper.cfbundle; includeInIndex = 0; path = LandmarksUITests.xctest; sourceTree = BUILT_PRODUCTS_DIR; };
		9BA155782C51F7AE00345DA0 /* LandmarksUITests.swift */ = {isa = PBXFileReference; lastKnownFileType = sourcecode.swift; path = LandmarksUITests.swift; sourceTree = "<group>"; };
		9BA1557A2C51F7AE00345DA0 /* LandmarksUITestsLaunchTests.swift */ = {isa = PBXFileReference; lastKnownFileType = sourcecode.swift; path = LandmarksUITestsLaunchTests.swift; sourceTree = "<group>"; };
		9BB237E12C52040200D216EA /* CircleImage.swift */ = {isa = PBXFileReference; lastKnownFileType = sourcecode.swift; path = CircleImage.swift; sourceTree = "<group>"; };
		9BB237E32C52048200D216EA /* MapView.swift */ = {isa = PBXFileReference; lastKnownFileType = sourcecode.swift; path = MapView.swift; sourceTree = "<group>"; };
		9BB237E52C52093800D216EA /* landmarkData.json */ = {isa = PBXFileReference; fileEncoding = 4; lastKnownFileType = text.json; path = landmarkData.json; sourceTree = "<group>"; };
		9BB237E72C52095A00D216EA /* Landmark.swift */ = {isa = PBXFileReference; lastKnownFileType = sourcecode.swift; path = Landmark.swift; sourceTree = "<group>"; };
		9BC6D8C82C5727BC0090D46F /* NotificationView.swift */ = {isa = PBXFileReference; lastKnownFileType = sourcecode.swift; path = NotificationView.swift; sourceTree = "<group>"; };
		9BC6D8CA2C57281E0090D46F /* NotificationController.swift */ = {isa = PBXFileReference; lastKnownFileType = sourcecode.swift; path = NotificationController.swift; sourceTree = "<group>"; };
		9BC6D8CC2C5728EC0090D46F /* PushNotificationPayload.apns */ = {isa = PBXFileReference; lastKnownFileType = text; path = PushNotificationPayload.apns; sourceTree = "<group>"; };
		9BC6D8D12C572B9E0090D46F /* MacLandmarks.app */ = {isa = PBXFileReference; explicitFileType = wrapper.application; includeInIndex = 0; path = MacLandmarks.app; sourceTree = BUILT_PRODUCTS_DIR; };
		9BC6D8D52C572B9E0090D46F /* ContentView.swift */ = {isa = PBXFileReference; lastKnownFileType = sourcecode.swift; path = ContentView.swift; sourceTree = "<group>"; };
		9BC6D8D72C572B9F0090D46F /* Assets.xcassets */ = {isa = PBXFileReference; lastKnownFileType = folder.assetcatalog; path = Assets.xcassets; sourceTree = "<group>"; };
		9BC6D8DA2C572B9F0090D46F /* Preview Assets.xcassets */ = {isa = PBXFileReference; lastKnownFileType = folder.assetcatalog; path = "Preview Assets.xcassets"; sourceTree = "<group>"; };
		9BC6D8DC2C572B9F0090D46F /* MacLandmarks.entitlements */ = {isa = PBXFileReference; lastKnownFileType = text.plist.entitlements; path = MacLandmarks.entitlements; sourceTree = "<group>"; };
		9BC6D8ED2C572CF90090D46F /* LandmarkDetail.swift */ = {isa = PBXFileReference; lastKnownFileType = sourcecode.swift; path = LandmarkDetail.swift; sourceTree = "<group>"; };
		9BC6D8EF2C57307A0090D46F /* LandmarkList.swift */ = {isa = PBXFileReference; lastKnownFileType = sourcecode.swift; path = LandmarkList.swift; sourceTree = "<group>"; };
		9BC6D8F12C5736470090D46F /* LandmarkCommands.swift */ = {isa = PBXFileReference; lastKnownFileType = sourcecode.swift; path = LandmarkCommands.swift; sourceTree = "<group>"; };
		9BC6D8F42C573A7D0090D46F /* LandmarkSettings.swift */ = {isa = PBXFileReference; lastKnownFileType = sourcecode.swift; path = LandmarkSettings.swift; sourceTree = "<group>"; };
/* End PBXFileReference section */

/* Begin PBXFrameworksBuildPhase section */
		9B036E722C571CCC008DD8CE /* Frameworks */ = {
			isa = PBXFrameworksBuildPhase;
			buildActionMask = 2147483647;
			files = (
			);
			runOnlyForDeploymentPostprocessing = 0;
		};
		9B1F46AF2C574FC6002D3FC2 /* Frameworks */ = {
			isa = PBXFrameworksBuildPhase;
			buildActionMask = 2147483647;
			files = (
				9B1F46B72C574FC6002D3FC2 /* RealityKitContent in Frameworks */,
			);
			runOnlyForDeploymentPostprocessing = 0;
		};
		9BA155572C51F7AC00345DA0 /* Frameworks */ = {
			isa = PBXFrameworksBuildPhase;
			buildActionMask = 2147483647;
			files = (
			);
			runOnlyForDeploymentPostprocessing = 0;
		};
		9BA155672C51F7AE00345DA0 /* Frameworks */ = {
			isa = PBXFrameworksBuildPhase;
			buildActionMask = 2147483647;
			files = (
			);
			runOnlyForDeploymentPostprocessing = 0;
		};
		9BA155712C51F7AE00345DA0 /* Frameworks */ = {
			isa = PBXFrameworksBuildPhase;
			buildActionMask = 2147483647;
			files = (
			);
			runOnlyForDeploymentPostprocessing = 0;
		};
		9BC6D8CE2C572B9E0090D46F /* Frameworks */ = {
			isa = PBXFrameworksBuildPhase;
			buildActionMask = 2147483647;
			files = (
			);
			runOnlyForDeploymentPostprocessing = 0;
		};
/* End PBXFrameworksBuildPhase section */

/* Begin PBXGroup section */
		9B036E512C56C07B008DD8CE /* Hikes */ = {
			isa = PBXGroup;
			children = (
				9B036E4D2C56C07B008DD8CE /* GraphCapsule.swift */,
				9B036E4E2C56C07B008DD8CE /* HikeDetail.swift */,
				9B036E4F2C56C07B008DD8CE /* HikeGraph.swift */,
				9B036E502C56C07B008DD8CE /* HikeView.swift */,
				9B036E642C56DF16008DD8CE /* HikeBadge.swift */,
			);
			path = Hikes;
			sourceTree = "<group>";
		};
		9B036E562C56D5E2008DD8CE /* Category */ = {
			isa = PBXGroup;
			children = (
				9B036E572C56D5F5008DD8CE /* CategoryHome.swift */,
				9B036E592C56D741008DD8CE /* CategoryRow.swift */,
				9B036E5B2C56D84F008DD8CE /* CategoryItem.swift */,
			);
			path = Category;
			sourceTree = "<group>";
		};
		9B036E5F2C56DE5F008DD8CE /* Profile */ = {
			isa = PBXGroup;
			children = (
				9B036E602C56DE6A008DD8CE /* ProfileHost.swift */,
				9B036E622C56DEBA008DD8CE /* ProfileSummary.swift */,
				9B036E662C56E3A6008DD8CE /* ProfileEditor.swift */,
			);
			path = Profile;
			sourceTree = "<group>";
		};
		9B036E682C56E68F008DD8CE /* PageView */ = {
			isa = PBXGroup;
			children = (
				9B036E692C56E6A1008DD8CE /* PageViewController.swift */,
				9B036E6B2C56F615008DD8CE /* FeatureCard.swift */,
				9B036E6D2C56F66F008DD8CE /* PageView.swift */,
				9B036E6F2C571706008DD8CE /* PageControl.swift */,
			);
			path = PageView;
			sourceTree = "<group>";
		};
		9B036E762C571CCC008DD8CE /* WatchLandmarks Watch App */ = {
			isa = PBXGroup;
			children = (
				9B036E792C571CCC008DD8CE /* ContentView.swift */,
				9B036E7B2C571CCD008DD8CE /* Assets.xcassets */,
				9B036E7D2C571CCD008DD8CE /* Preview Content */,
				9B036E932C571E94008DD8CE /* LandmarkDetail.swift */,
				9BC6D8C82C5727BC0090D46F /* NotificationView.swift */,
				9BC6D8CA2C57281E0090D46F /* NotificationController.swift */,
				9BC6D8CC2C5728EC0090D46F /* PushNotificationPayload.apns */,
				9BC6D8EF2C57307A0090D46F /* LandmarkList.swift */,
			);
			path = "WatchLandmarks Watch App";
			sourceTree = "<group>";
		};
		9B036E7D2C571CCD008DD8CE /* Preview Content */ = {
			isa = PBXGroup;
			children = (
				9B036E7E2C571CCD008DD8CE /* Preview Assets.xcassets */,
			);
			path = "Preview Content";
			sourceTree = "<group>";
		};
		9B1F46B32C574FC6002D3FC2 /* VisionLandmarks */ = {
			isa = PBXGroup;
			children = (
				9B1F46BA2C574FC6002D3FC2 /* ContentView.swift */,
				9B1F46BC2C574FC6002D3FC2 /* ImmersiveView.swift */,
				9B1F46BE2C574FC7002D3FC2 /* Assets.xcassets */,
				9B1F46C32C574FC7002D3FC2 /* Info.plist */,
				9B1F46C02C574FC7002D3FC2 /* Preview Content */,
			);
			path = VisionLandmarks;
			sourceTree = "<group>";
		};
		9B1F46B42C574FC6002D3FC2 /* Packages */ = {
			isa = PBXGroup;
			children = (
				9B1F46B52C574FC6002D3FC2 /* RealityKitContent */,
			);
			path = Packages;
			sourceTree = "<group>";
		};
		9B1F46C02C574FC7002D3FC2 /* Preview Content */ = {
			isa = PBXGroup;
			children = (
				9B1F46C12C574FC7002D3FC2 /* Preview Assets.xcassets */,
			);
			path = "Preview Content";
			sourceTree = "<group>";
		};
		9B4970B12C53607300A12041 /* Helpers */ = {
			isa = PBXGroup;
			children = (
				9BB237E12C52040200D216EA /* CircleImage.swift */,
				9BB237E32C52048200D216EA /* MapView.swift */,
				9B4970AF2C535D7E00A12041 /* FavoriteButton.swift */,
			);
			path = Helpers;
			sourceTree = "<group>";
		};
		9B4970B22C53607C00A12041 /* Landmarks */ = {
			isa = PBXGroup;
			children = (
				9B6BC1A82C520FC70051C780 /* LandmarkList.swift */,
				9B6BC1A62C520D560051C780 /* LandmarkRow.swift */,
				9B6BC1AA2C5210910051C780 /* LandmarkDetail.swift */,
			);
			path = Landmarks;
			sourceTree = "<group>";
		};
		9B4970BD2C54BC3D00A12041 /* Badges */ = {
			isa = PBXGroup;
			children = (
				9B4970B32C54A5F600A12041 /* HexagonParameters.swift */,
				9B4970B52C54B3FF00A12041 /* BadgeBackground.swift */,
				9B4970B72C54B74700A12041 /* BadgeSymbol.swift */,
				9B4970B92C54B7DE00A12041 /* RotatedBadgeSymbol.swift */,
				9B4970BB2C54BA3B00A12041 /* Badge.swift */,
			);
			path = Badges;
			sourceTree = "<group>";
		};
		9B6BC1A22C520CD00051C780 /* Views */ = {
			isa = PBXGroup;
			children = (
				9B036E682C56E68F008DD8CE /* PageView */,
				9B036E5F2C56DE5F008DD8CE /* Profile */,
				9B036E562C56D5E2008DD8CE /* Category */,
				9B036E512C56C07B008DD8CE /* Hikes */,
				9B4970BD2C54BC3D00A12041 /* Badges */,
				9BA1555F2C51F7AC00345DA0 /* ContentView.swift */,
				9B4970B12C53607300A12041 /* Helpers */,
				9B4970B22C53607C00A12041 /* Landmarks */,
				9BC6D8F42C573A7D0090D46F /* LandmarkSettings.swift */,
			);
			path = Views;
			sourceTree = "<group>";
		};
		9B6BC1A32C520CDC0051C780 /* Resources */ = {
			isa = PBXGroup;
			children = (
				9B036E472C56BFC9008DD8CE /* hikeData.json */,
				9BB237E52C52093800D216EA /* landmarkData.json */,
			);
			path = Resources;
			sourceTree = "<group>";
		};
		9B6BC1A42C520CF50051C780 /* Model */ = {
			isa = PBXGroup;
			children = (
				9BB237E72C52095A00D216EA /* Landmark.swift */,
				9B6BC1A02C520B060051C780 /* ModelData.swift */,
				9B036E4B2C56C003008DD8CE /* Hike.swift */,
				9B036E5D2C56DE2F008DD8CE /* Profile.swift */,
			);
			path = Model;
			sourceTree = "<group>";
		};
		9BA155512C51F7AC00345DA0 = {
			isa = PBXGroup;
			children = (
				9BA1555C2C51F7AC00345DA0 /* Landmarks */,
				9BA1556D2C51F7AE00345DA0 /* LandmarksTests */,
				9BA155772C51F7AE00345DA0 /* LandmarksUITests */,
				9B036E762C571CCC008DD8CE /* WatchLandmarks Watch App */,
				9BC6D8D22C572B9E0090D46F /* MacLandmarks */,
				9B1F46B32C574FC6002D3FC2 /* VisionLandmarks */,
				9B1F46B42C574FC6002D3FC2 /* Packages */,
				9BA1555B2C51F7AC00345DA0 /* Products */,
			);
			sourceTree = "<group>";
		};
		9BA1555B2C51F7AC00345DA0 /* Products */ = {
			isa = PBXGroup;
			children = (
				9BA1555A2C51F7AC00345DA0 /* Landmarks.app */,
				9BA1556A2C51F7AE00345DA0 /* LandmarksTests.xctest */,
				9BA155742C51F7AE00345DA0 /* LandmarksUITests.xctest */,
				9B036E752C571CCC008DD8CE /* WatchLandmarks Watch App.app */,
				9BC6D8D12C572B9E0090D46F /* MacLandmarks.app */,
				9B1F46B22C574FC6002D3FC2 /* VisionLandmarks.app */,
			);
			name = Products;
			sourceTree = "<group>";
		};
		9BA1555C2C51F7AC00345DA0 /* Landmarks */ = {
			isa = PBXGroup;
			children = (
				9B6BC1A42C520CF50051C780 /* Model */,
				9B6BC1A32C520CDC0051C780 /* Resources */,
				9B6BC1A22C520CD00051C780 /* Views */,
				9BA1555D2C51F7AC00345DA0 /* LandmarksApp.swift */,
				9BA155612C51F7AE00345DA0 /* Assets.xcassets */,
				9BA155632C51F7AE00345DA0 /* Preview Content */,
				9BC6D8F12C5736470090D46F /* LandmarkCommands.swift */,
			);
			path = Landmarks;
			sourceTree = "<group>";
		};
		9BA155632C51F7AE00345DA0 /* Preview Content */ = {
			isa = PBXGroup;
			children = (
				9BA155642C51F7AE00345DA0 /* Preview Assets.xcassets */,
			);
			path = "Preview Content";
			sourceTree = "<group>";
		};
		9BA1556D2C51F7AE00345DA0 /* LandmarksTests */ = {
			isa = PBXGroup;
			children = (
				9BA1556E2C51F7AE00345DA0 /* LandmarksTests.swift */,
			);
			path = LandmarksTests;
			sourceTree = "<group>";
		};
		9BA155772C51F7AE00345DA0 /* LandmarksUITests */ = {
			isa = PBXGroup;
			children = (
				9BA155782C51F7AE00345DA0 /* LandmarksUITests.swift */,
				9BA1557A2C51F7AE00345DA0 /* LandmarksUITestsLaunchTests.swift */,
			);
			path = LandmarksUITests;
			sourceTree = "<group>";
		};
		9BC6D8D22C572B9E0090D46F /* MacLandmarks */ = {
			isa = PBXGroup;
			children = (
				9BC6D8D52C572B9E0090D46F /* ContentView.swift */,
				9BC6D8D72C572B9F0090D46F /* Assets.xcassets */,
				9BC6D8DC2C572B9F0090D46F /* MacLandmarks.entitlements */,
				9BC6D8D92C572B9F0090D46F /* Preview Content */,
				9BC6D8ED2C572CF90090D46F /* LandmarkDetail.swift */,
			);
			path = MacLandmarks;
			sourceTree = "<group>";
		};
		9BC6D8D92C572B9F0090D46F /* Preview Content */ = {
			isa = PBXGroup;
			children = (
				9BC6D8DA2C572B9F0090D46F /* Preview Assets.xcassets */,
			);
			path = "Preview Content";
			sourceTree = "<group>";
		};
/* End PBXGroup section */

/* Begin PBXNativeTarget section */
		9B036E742C571CCC008DD8CE /* WatchLandmarks Watch App */ = {
			isa = PBXNativeTarget;
			buildConfigurationList = 9B036E832C571CCD008DD8CE /* Build configuration list for PBXNativeTarget "WatchLandmarks Watch App" */;
			buildPhases = (
				9B036E712C571CCC008DD8CE /* Sources */,
				9B036E722C571CCC008DD8CE /* Frameworks */,
				9B036E732C571CCC008DD8CE /* Resources */,
			);
			buildRules = (
			);
			dependencies = (
			);
			name = "WatchLandmarks Watch App";
			productName = "WatchLandmarks Watch App";
			productReference = 9B036E752C571CCC008DD8CE /* WatchLandmarks Watch App.app */;
			productType = "com.apple.product-type.application";
		};
		9B1F46B12C574FC6002D3FC2 /* VisionLandmarks */ = {
			isa = PBXNativeTarget;
			buildConfigurationList = 9B1F46C62C574FC7002D3FC2 /* Build configuration list for PBXNativeTarget "VisionLandmarks" */;
			buildPhases = (
				9B1F46AE2C574FC6002D3FC2 /* Sources */,
				9B1F46AF2C574FC6002D3FC2 /* Frameworks */,
				9B1F46B02C574FC6002D3FC2 /* Resources */,
			);
			buildRules = (
			);
			dependencies = (
			);
			name = VisionLandmarks;
			packageProductDependencies = (
				9B1F46B62C574FC6002D3FC2 /* RealityKitContent */,
			);
			productName = VisionLandmarks;
			productReference = 9B1F46B22C574FC6002D3FC2 /* VisionLandmarks.app */;
			productType = "com.apple.product-type.application";
		};
		9BA155592C51F7AC00345DA0 /* Landmarks */ = {
			isa = PBXNativeTarget;
			buildConfigurationList = 9BA1557E2C51F7AE00345DA0 /* Build configuration list for PBXNativeTarget "Landmarks" */;
			buildPhases = (
				9BA155562C51F7AC00345DA0 /* Sources */,
				9BA155572C51F7AC00345DA0 /* Frameworks */,
				9BA155582C51F7AC00345DA0 /* Resources */,
				9B036E862C571CCD008DD8CE /* Embed Watch Content */,
			);
			buildRules = (
			);
			dependencies = (
				9B036E812C571CCD008DD8CE /* PBXTargetDependency */,
			);
			name = Landmarks;
			productName = Landmarks;
			productReference = 9BA1555A2C51F7AC00345DA0 /* Landmarks.app */;
			productType = "com.apple.product-type.application";
		};
		9BA155692C51F7AE00345DA0 /* LandmarksTests */ = {
			isa = PBXNativeTarget;
			buildConfigurationList = 9BA155812C51F7AE00345DA0 /* Build configuration list for PBXNativeTarget "LandmarksTests" */;
			buildPhases = (
				9BA155662C51F7AE00345DA0 /* Sources */,
				9BA155672C51F7AE00345DA0 /* Frameworks */,
				9BA155682C51F7AE00345DA0 /* Resources */,
			);
			buildRules = (
			);
			dependencies = (
				9BA1556C2C51F7AE00345DA0 /* PBXTargetDependency */,
			);
			name = LandmarksTests;
			productName = LandmarksTests;
			productReference = 9BA1556A2C51F7AE00345DA0 /* LandmarksTests.xctest */;
			productType = "com.apple.product-type.bundle.unit-test";
		};
		9BA155732C51F7AE00345DA0 /* LandmarksUITests */ = {
			isa = PBXNativeTarget;
			buildConfigurationList = 9BA155842C51F7AE00345DA0 /* Build configuration list for PBXNativeTarget "LandmarksUITests" */;
			buildPhases = (
				9BA155702C51F7AE00345DA0 /* Sources */,
				9BA155712C51F7AE00345DA0 /* Frameworks */,
				9BA155722C51F7AE00345DA0 /* Resources */,
			);
			buildRules = (
			);
			dependencies = (
				9BA155762C51F7AE00345DA0 /* PBXTargetDependency */,
			);
			name = LandmarksUITests;
			productName = LandmarksUITests;
			productReference = 9BA155742C51F7AE00345DA0 /* LandmarksUITests.xctest */;
			productType = "com.apple.product-type.bundle.ui-testing";
		};
		9BC6D8D02C572B9E0090D46F /* MacLandmarks */ = {
			isa = PBXNativeTarget;
			buildConfigurationList = 9BC6D8DD2C572B9F0090D46F /* Build configuration list for PBXNativeTarget "MacLandmarks" */;
			buildPhases = (
				9BC6D8CD2C572B9E0090D46F /* Sources */,
				9BC6D8CE2C572B9E0090D46F /* Frameworks */,
				9BC6D8CF2C572B9E0090D46F /* Resources */,
			);
			buildRules = (
			);
			dependencies = (
			);
			name = MacLandmarks;
			productName = MacLandmarks;
			productReference = 9BC6D8D12C572B9E0090D46F /* MacLandmarks.app */;
			productType = "com.apple.product-type.application";
		};
/* End PBXNativeTarget section */

/* Begin PBXProject section */
		9BA155522C51F7AC00345DA0 /* Project object */ = {
			isa = PBXProject;
			attributes = {
				BuildIndependentTargetsInParallel = 1;
				LastSwiftUpdateCheck = 1540;
				LastUpgradeCheck = 1540;
				TargetAttributes = {
					9B036E742C571CCC008DD8CE = {
						CreatedOnToolsVersion = 15.4;
					};
					9B1F46B12C574FC6002D3FC2 = {
						CreatedOnToolsVersion = 15.4;
					};
					9BA155592C51F7AC00345DA0 = {
						CreatedOnToolsVersion = 15.4;
					};
					9BA155692C51F7AE00345DA0 = {
						CreatedOnToolsVersion = 15.4;
						TestTargetID = 9BA155592C51F7AC00345DA0;
					};
					9BA155732C51F7AE00345DA0 = {
						CreatedOnToolsVersion = 15.4;
						TestTargetID = 9BA155592C51F7AC00345DA0;
					};
					9BC6D8D02C572B9E0090D46F = {
						CreatedOnToolsVersion = 15.4;
					};
				};
			};
			buildConfigurationList = 9BA155552C51F7AC00345DA0 /* Build configuration list for PBXProject "Landmarks" */;
			compatibilityVersion = "Xcode 14.0";
			developmentRegion = en;
			hasScannedForEncodings = 0;
			knownRegions = (
				en,
				Base,
			);
			mainGroup = 9BA155512C51F7AC00345DA0;
			productRefGroup = 9BA1555B2C51F7AC00345DA0 /* Products */;
			projectDirPath = "";
			projectRoot = "";
			targets = (
				9BA155592C51F7AC00345DA0 /* Landmarks */,
				9BA155692C51F7AE00345DA0 /* LandmarksTests */,
				9BA155732C51F7AE00345DA0 /* LandmarksUITests */,
				9B036E742C571CCC008DD8CE /* WatchLandmarks Watch App */,
				9BC6D8D02C572B9E0090D46F /* MacLandmarks */,
				9B1F46B12C574FC6002D3FC2 /* VisionLandmarks */,
			);
		};
/* End PBXProject section */

/* Begin PBXResourcesBuildPhase section */
		9B036E732C571CCC008DD8CE /* Resources */ = {
			isa = PBXResourcesBuildPhase;
			buildActionMask = 2147483647;
			files = (
				9B036E7F2C571CCD008DD8CE /* Preview Assets.xcassets in Resources */,
				9B036E872C571E2E008DD8CE /* hikeData.json in Resources */,
				9B036E882C571E2E008DD8CE /* landmarkData.json in Resources */,
				9B036E892C571E2E008DD8CE /* Assets.xcassets in Resources */,
				9B036E7C2C571CCD008DD8CE /* Assets.xcassets in Resources */,
			);
			runOnlyForDeploymentPostprocessing = 0;
		};
		9B1F46B02C574FC6002D3FC2 /* Resources */ = {
			isa = PBXResourcesBuildPhase;
			buildActionMask = 2147483647;
			files = (
				9B1F46C22C574FC7002D3FC2 /* Preview Assets.xcassets in Resources */,
				9B1F46D22C575101002D3FC2 /* landmarkData.json in Resources */,
				9B1F46D32C575101002D3FC2 /* Assets.xcassets in Resources */,
				9B1F46D42C575101002D3FC2 /* hikeData.json in Resources */,
				9B1F46BF2C574FC7002D3FC2 /* Assets.xcassets in Resources */,
			);
			runOnlyForDeploymentPostprocessing = 0;
		};
		9BA155582C51F7AC00345DA0 /* Resources */ = {
			isa = PBXResourcesBuildPhase;
			buildActionMask = 2147483647;
			files = (
				9B036E482C56BFC9008DD8CE /* hikeData.json in Resources */,
				9BA155652C51F7AE00345DA0 /* Preview Assets.xcassets in Resources */,
				9BA155622C51F7AE00345DA0 /* Assets.xcassets in Resources */,
				9BB237E62C52093800D216EA /* landmarkData.json in Resources */,
			);
			runOnlyForDeploymentPostprocessing = 0;
		};
		9BA155682C51F7AE00345DA0 /* Resources */ = {
			isa = PBXResourcesBuildPhase;
			buildActionMask = 2147483647;
			files = (
			);
			runOnlyForDeploymentPostprocessing = 0;
		};
		9BA155722C51F7AE00345DA0 /* Resources */ = {
			isa = PBXResourcesBuildPhase;
			buildActionMask = 2147483647;
			files = (
			);
			runOnlyForDeploymentPostprocessing = 0;
		};
		9BC6D8CF2C572B9E0090D46F /* Resources */ = {
			isa = PBXResourcesBuildPhase;
			buildActionMask = 2147483647;
			files = (
				9BC6D8EA2C572C590090D46F /* Assets.xcassets in Resources */,
				9BC6D8EB2C572C590090D46F /* landmarkData.json in Resources */,
				9BC6D8EC2C572C590090D46F /* hikeData.json in Resources */,
				9BC6D8DB2C572B9F0090D46F /* Preview Assets.xcassets in Resources */,
				9BC6D8D82C572B9F0090D46F /* Assets.xcassets in Resources */,
			);
			runOnlyForDeploymentPostprocessing = 0;
		};
/* End PBXResourcesBuildPhase section */

/* Begin PBXSourcesBuildPhase section */
		9B036E712C571CCC008DD8CE /* Sources */ = {
			isa = PBXSourcesBuildPhase;
			buildActionMask = 2147483647;
			files = (
				9B036E7A2C571CCC008DD8CE /* ContentView.swift in Sources */,
				9B036E8A2C571E2E008DD8CE /* ModelData.swift in Sources */,
				9B036E8B2C571E2E008DD8CE /* Profile.swift in Sources */,
				9BC6D8F02C57307A0090D46F /* LandmarkList.swift in Sources */,
				9B036E8D2C571E2E008DD8CE /* CircleImage.swift in Sources */,
				9B036E8E2C571E2E008DD8CE /* Landmark.swift in Sources */,
				9B036E8F2C571E2E008DD8CE /* Hike.swift in Sources */,
				9B036E902C571E2E008DD8CE /* LandmarkRow.swift in Sources */,
				9B036E912C571E2E008DD8CE /* MapView.swift in Sources */,
				9BC6D8CB2C57281E0090D46F /* NotificationController.swift in Sources */,
				9B036E922C571E2E008DD8CE /* LandmarksApp.swift in Sources */,
				9B036E942C571E94008DD8CE /* LandmarkDetail.swift in Sources */,
				9BC6D8C92C5727BC0090D46F /* NotificationView.swift in Sources */,
			);
			runOnlyForDeploymentPostprocessing = 0;
		};
		9B1F46AE2C574FC6002D3FC2 /* Sources */ = {
			isa = PBXSourcesBuildPhase;
			buildActionMask = 2147483647;
			files = (
				9B1F46C72C575101002D3FC2 /* LandmarkRow.swift in Sources */,
				9B1F46E02C575398002D3FC2 /* HikeBadge.swift in Sources */,
				9B1F46E12C575398002D3FC2 /* HikeGraph.swift in Sources */,
				9B1F46E22C575398002D3FC2 /* HikeDetail.swift in Sources */,
				9B1F46E32C575398002D3FC2 /* HikeView.swift in Sources */,
				9B1F46E42C575398002D3FC2 /* GraphCapsule.swift in Sources */,
				9B1F46C82C575101002D3FC2 /* ModelData.swift in Sources */,
				9B1F46D92C575371002D3FC2 /* PageControl.swift in Sources */,
				9B1F46DA2C575371002D3FC2 /* PageViewController.swift in Sources */,
				9B1F46DB2C575371002D3FC2 /* FeatureCard.swift in Sources */,
				9B1F46DC2C575371002D3FC2 /* PageView.swift in Sources */,
				9B1F46C92C575101002D3FC2 /* Landmark.swift in Sources */,
				9B1F46CA2C575101002D3FC2 /* LandmarkList.swift in Sources */,
				9B1F46CB2C575101002D3FC2 /* MapView.swift in Sources */,
				9B1F46CC2C575101002D3FC2 /* LandmarkDetail.swift in Sources */,
				9B1F46CD2C575101002D3FC2 /* Hike.swift in Sources */,
				9B1F46CE2C575101002D3FC2 /* CircleImage.swift in Sources */,
				9B1F46D52C575133002D3FC2 /* LandmarkCommands.swift in Sources */,
				9B1F46CF2C575101002D3FC2 /* LandmarksApp.swift in Sources */,
				9B1F46D02C575101002D3FC2 /* FavoriteButton.swift in Sources */,
				9B1F46E52C57539E002D3FC2 /* BadgeBackground.swift in Sources */,
				9B1F46E62C57539E002D3FC2 /* HexagonParameters.swift in Sources */,
				9B1F46E72C57539E002D3FC2 /* RotatedBadgeSymbol.swift in Sources */,
				9B1F46E82C57539E002D3FC2 /* Badge.swift in Sources */,
				9B1F46E92C57539E002D3FC2 /* BadgeSymbol.swift in Sources */,
				9B1F46DD2C57538A002D3FC2 /* ProfileHost.swift in Sources */,
				9B1F46DE2C57538A002D3FC2 /* ProfileSummary.swift in Sources */,
				9B1F46DF2C57538A002D3FC2 /* ProfileEditor.swift in Sources */,
				9B1F46D12C575101002D3FC2 /* Profile.swift in Sources */,
				9B1F46BB2C574FC6002D3FC2 /* ContentView.swift in Sources */,
				9B1F46BD2C574FC6002D3FC2 /* ImmersiveView.swift in Sources */,
				9B1F46D62C575363002D3FC2 /* CategoryHome.swift in Sources */,
				9B1F46D72C575363002D3FC2 /* CategoryRow.swift in Sources */,
				9B1F46D82C575363002D3FC2 /* CategoryItem.swift in Sources */,
			);
			runOnlyForDeploymentPostprocessing = 0;
		};
		9BA155562C51F7AC00345DA0 /* Sources */ = {
			isa = PBXSourcesBuildPhase;
			buildActionMask = 2147483647;
			files = (
				9BA155602C51F7AC00345DA0 /* ContentView.swift in Sources */,
				9B036E5E2C56DE2F008DD8CE /* Profile.swift in Sources */,
				9BC6D8F22C5736470090D46F /* LandmarkCommands.swift in Sources */,
				9B036E582C56D5F5008DD8CE /* CategoryHome.swift in Sources */,
				9B4970BC2C54BA3B00A12041 /* Badge.swift in Sources */,
				9B036E6C2C56F615008DD8CE /* FeatureCard.swift in Sources */,
				9BB237E42C52048200D216EA /* MapView.swift in Sources */,
				9B036E522C56C07B008DD8CE /* GraphCapsule.swift in Sources */,
				9B036E6A2C56E6A1008DD8CE /* PageViewController.swift in Sources */,
				9B036E542C56C07B008DD8CE /* HikeGraph.swift in Sources */,
				9BA1555E2C51F7AC00345DA0 /* LandmarksApp.swift in Sources */,
				9B036E702C571706008DD8CE /* PageControl.swift in Sources */,
				9B4970B02C535D7E00A12041 /* FavoriteButton.swift in Sources */,
				9B4970B42C54A5F600A12041 /* HexagonParameters.swift in Sources */,
				9B036E5C2C56D84F008DD8CE /* CategoryItem.swift in Sources */,
				9B036E4C2C56C003008DD8CE /* Hike.swift in Sources */,
				9B036E632C56DEBA008DD8CE /* ProfileSummary.swift in Sources */,
				9B4970B82C54B74700A12041 /* BadgeSymbol.swift in Sources */,
				9B036E612C56DE6A008DD8CE /* ProfileHost.swift in Sources */,
				9B6BC1A92C520FC70051C780 /* LandmarkList.swift in Sources */,
				9B036E6E2C56F66F008DD8CE /* PageView.swift in Sources */,
				9B6BC1AB2C5210910051C780 /* LandmarkDetail.swift in Sources */,
				9B036E532C56C07B008DD8CE /* HikeDetail.swift in Sources */,
				9B036E672C56E3A6008DD8CE /* ProfileEditor.swift in Sources */,
				9B036E552C56C07B008DD8CE /* HikeView.swift in Sources */,
				9B4970BA2C54B7DE00A12041 /* RotatedBadgeSymbol.swift in Sources */,
				9B4970B62C54B3FF00A12041 /* BadgeBackground.swift in Sources */,
				9BB237E22C52040200D216EA /* CircleImage.swift in Sources */,
				9B036E652C56DF16008DD8CE /* HikeBadge.swift in Sources */,
				9BB237E82C52095A00D216EA /* Landmark.swift in Sources */,
				9B036E5A2C56D741008DD8CE /* CategoryRow.swift in Sources */,
				9B6BC1A72C520D560051C780 /* LandmarkRow.swift in Sources */,
				9B6BC1A12C520B060051C780 /* ModelData.swift in Sources */,
			);
			runOnlyForDeploymentPostprocessing = 0;
		};
		9BA155662C51F7AE00345DA0 /* Sources */ = {
			isa = PBXSourcesBuildPhase;
			buildActionMask = 2147483647;
			files = (
				9BA1556F2C51F7AE00345DA0 /* LandmarksTests.swift in Sources */,
			);
			runOnlyForDeploymentPostprocessing = 0;
		};
		9BA155702C51F7AE00345DA0 /* Sources */ = {
			isa = PBXSourcesBuildPhase;
			buildActionMask = 2147483647;
			files = (
				9BA1557B2C51F7AE00345DA0 /* LandmarksUITestsLaunchTests.swift in Sources */,
				9BA155792C51F7AE00345DA0 /* LandmarksUITests.swift in Sources */,
			);
			runOnlyForDeploymentPostprocessing = 0;
		};
		9BC6D8CD2C572B9E0090D46F /* Sources */ = {
			isa = PBXSourcesBuildPhase;
			buildActionMask = 2147483647;
			files = (
				9BC6D8E02C572C590090D46F /* LandmarkRow.swift in Sources */,
				9BC6D8E12C572C590090D46F /* ModelData.swift in Sources */,
				9BC6D8F52C573A7D0090D46F /* LandmarkSettings.swift in Sources */,
				9BC6D8E22C572C590090D46F /* Hike.swift in Sources */,
				9BC6D8E32C572C590090D46F /* Landmark.swift in Sources */,
				9BC6D8F32C5736470090D46F /* LandmarkCommands.swift in Sources */,
				9BC6D8EE2C572CF90090D46F /* LandmarkDetail.swift in Sources */,
				9BC6D8E42C572C590090D46F /* LandmarkList.swift in Sources */,
				9BC6D8E52C572C590090D46F /* CircleImage.swift in Sources */,
				9BC6D8E62C572C590090D46F /* Profile.swift in Sources */,
				9BC6D8E72C572C590090D46F /* LandmarksApp.swift in Sources */,
				9BC6D8E82C572C590090D46F /* MapView.swift in Sources */,
				9BC6D8E92C572C590090D46F /* FavoriteButton.swift in Sources */,
				9BC6D8D62C572B9E0090D46F /* ContentView.swift in Sources */,
			);
			runOnlyForDeploymentPostprocessing = 0;
		};
/* End PBXSourcesBuildPhase section */

/* Begin PBXTargetDependency section */
		9B036E812C571CCD008DD8CE /* PBXTargetDependency */ = {
			isa = PBXTargetDependency;
			target = 9B036E742C571CCC008DD8CE /* WatchLandmarks Watch App */;
			targetProxy = 9B036E802C571CCD008DD8CE /* PBXContainerItemProxy */;
		};
		9BA1556C2C51F7AE00345DA0 /* PBXTargetDependency */ = {
			isa = PBXTargetDependency;
			target = 9BA155592C51F7AC00345DA0 /* Landmarks */;
			targetProxy = 9BA1556B2C51F7AE00345DA0 /* PBXContainerItemProxy */;
		};
		9BA155762C51F7AE00345DA0 /* PBXTargetDependency */ = {
			isa = PBXTargetDependency;
			target = 9BA155592C51F7AC00345DA0 /* Landmarks */;
			targetProxy = 9BA155752C51F7AE00345DA0 /* PBXContainerItemProxy */;
		};
/* End PBXTargetDependency section */

/* Begin XCBuildConfiguration section */
		9B036E842C571CCD008DD8CE /* Debug */ = {
			isa = XCBuildConfiguration;
			buildSettings = {
				ASSETCATALOG_COMPILER_APPICON_NAME = AppIcon;
				ASSETCATALOG_COMPILER_GLOBAL_ACCENT_COLOR_NAME = AccentColor;
				CODE_SIGN_STYLE = Automatic;
				CURRENT_PROJECT_VERSION = 1;
				DEVELOPMENT_ASSET_PATHS = "\"WatchLandmarks Watch App/Preview Content\"";
				DEVELOPMENT_TEAM = 3LZ2MREQLX;
				ENABLE_PREVIEWS = YES;
				GENERATE_INFOPLIST_FILE = YES;
				INFOPLIST_KEY_CFBundleDisplayName = WatchLandmarks;
				INFOPLIST_KEY_UISupportedInterfaceOrientations = "UIInterfaceOrientationPortrait UIInterfaceOrientationPortraitUpsideDown";
				INFOPLIST_KEY_WKCompanionAppBundleIdentifier = com.easonchang.Landmarks;
				INFOPLIST_KEY_WKRunsIndependentlyOfCompanionApp = YES;
				LD_RUNPATH_SEARCH_PATHS = (
					"$(inherited)",
					"@executable_path/Frameworks",
				);
				MARKETING_VERSION = 1.0;
				PRODUCT_BUNDLE_IDENTIFIER = com.easonchang.Landmarks.watchkitapp;
				PRODUCT_NAME = "$(TARGET_NAME)";
				SDKROOT = watchos;
				SKIP_INSTALL = YES;
				SWIFT_EMIT_LOC_STRINGS = YES;
				SWIFT_VERSION = 5.0;
				TARGETED_DEVICE_FAMILY = 4;
				WATCHOS_DEPLOYMENT_TARGET = 10.5;
			};
			name = Debug;
		};
		9B036E852C571CCD008DD8CE /* Release */ = {
			isa = XCBuildConfiguration;
			buildSettings = {
				ASSETCATALOG_COMPILER_APPICON_NAME = AppIcon;
				ASSETCATALOG_COMPILER_GLOBAL_ACCENT_COLOR_NAME = AccentColor;
				CODE_SIGN_STYLE = Automatic;
				CURRENT_PROJECT_VERSION = 1;
				DEVELOPMENT_ASSET_PATHS = "\"WatchLandmarks Watch App/Preview Content\"";
				DEVELOPMENT_TEAM = 3LZ2MREQLX;
				ENABLE_PREVIEWS = YES;
				GENERATE_INFOPLIST_FILE = YES;
				INFOPLIST_KEY_CFBundleDisplayName = WatchLandmarks;
				INFOPLIST_KEY_UISupportedInterfaceOrientations = "UIInterfaceOrientationPortrait UIInterfaceOrientationPortraitUpsideDown";
				INFOPLIST_KEY_WKCompanionAppBundleIdentifier = com.easonchang.Landmarks;
				INFOPLIST_KEY_WKRunsIndependentlyOfCompanionApp = YES;
				LD_RUNPATH_SEARCH_PATHS = (
					"$(inherited)",
					"@executable_path/Frameworks",
				);
				MARKETING_VERSION = 1.0;
				PRODUCT_BUNDLE_IDENTIFIER = com.easonchang.Landmarks.watchkitapp;
				PRODUCT_NAME = "$(TARGET_NAME)";
				SDKROOT = watchos;
				SKIP_INSTALL = YES;
				SWIFT_EMIT_LOC_STRINGS = YES;
				SWIFT_VERSION = 5.0;
				TARGETED_DEVICE_FAMILY = 4;
				WATCHOS_DEPLOYMENT_TARGET = 10.5;
			};
			name = Release;
		};
		9B1F46C42C574FC7002D3FC2 /* Debug */ = {
			isa = XCBuildConfiguration;
			buildSettings = {
				ASSETCATALOG_COMPILER_APPICON_NAME = AppIcon;
				ASSETCATALOG_COMPILER_GLOBAL_ACCENT_COLOR_NAME = AccentColor;
				CODE_SIGN_STYLE = Automatic;
				CURRENT_PROJECT_VERSION = 1;
				DEVELOPMENT_ASSET_PATHS = "\"VisionLandmarks/Preview Content\"";
				DEVELOPMENT_TEAM = 3LZ2MREQLX;
				ENABLE_PREVIEWS = YES;
				GENERATE_INFOPLIST_FILE = YES;
				INFOPLIST_FILE = "$(TARGET_NAME)/Info.plist";
				LD_RUNPATH_SEARCH_PATHS = (
					"$(inherited)",
					"@executable_path/Frameworks",
				);
				MARKETING_VERSION = 1.0;
				PRODUCT_BUNDLE_IDENTIFIER = com.easonchang.VisionLandmarks;
				PRODUCT_NAME = "$(TARGET_NAME)";
				SDKROOT = xros;
				SUPPORTED_PLATFORMS = "xros xrsimulator";
				SWIFT_EMIT_LOC_STRINGS = YES;
				SWIFT_VERSION = 5.0;
				TARGETED_DEVICE_FAMILY = "1,2,7";
				XROS_DEPLOYMENT_TARGET = 1.2;
			};
			name = Debug;
		};
		9B1F46C52C574FC7002D3FC2 /* Release */ = {
			isa = XCBuildConfiguration;
			buildSettings = {
				ASSETCATALOG_COMPILER_APPICON_NAME = AppIcon;
				ASSETCATALOG_COMPILER_GLOBAL_ACCENT_COLOR_NAME = AccentColor;
				CODE_SIGN_STYLE = Automatic;
				CURRENT_PROJECT_VERSION = 1;
				DEVELOPMENT_ASSET_PATHS = "\"VisionLandmarks/Preview Content\"";
				DEVELOPMENT_TEAM = 3LZ2MREQLX;
				ENABLE_PREVIEWS = YES;
				GENERATE_INFOPLIST_FILE = YES;
				INFOPLIST_FILE = "$(TARGET_NAME)/Info.plist";
				LD_RUNPATH_SEARCH_PATHS = (
					"$(inherited)",
					"@executable_path/Frameworks",
				);
				MARKETING_VERSION = 1.0;
				PRODUCT_BUNDLE_IDENTIFIER = com.easonchang.VisionLandmarks;
				PRODUCT_NAME = "$(TARGET_NAME)";
				SDKROOT = xros;
				SUPPORTED_PLATFORMS = "xros xrsimulator";
				SWIFT_EMIT_LOC_STRINGS = YES;
				SWIFT_VERSION = 5.0;
				TARGETED_DEVICE_FAMILY = "1,2,7";
				XROS_DEPLOYMENT_TARGET = 1.2;
			};
			name = Release;
		};
		9BA1557C2C51F7AE00345DA0 /* Debug */ = {
			isa = XCBuildConfiguration;
			buildSettings = {
				ALWAYS_SEARCH_USER_PATHS = NO;
				ASSETCATALOG_COMPILER_GENERATE_SWIFT_ASSET_SYMBOL_EXTENSIONS = YES;
				CLANG_ANALYZER_NONNULL = YES;
				CLANG_ANALYZER_NUMBER_OBJECT_CONVERSION = YES_AGGRESSIVE;
				CLANG_CXX_LANGUAGE_STANDARD = "gnu++20";
				CLANG_ENABLE_MODULES = YES;
				CLANG_ENABLE_OBJC_ARC = YES;
				CLANG_ENABLE_OBJC_WEAK = YES;
				CLANG_WARN_BLOCK_CAPTURE_AUTORELEASING = YES;
				CLANG_WARN_BOOL_CONVERSION = YES;
				CLANG_WARN_COMMA = YES;
				CLANG_WARN_CONSTANT_CONVERSION = YES;
				CLANG_WARN_DEPRECATED_OBJC_IMPLEMENTATIONS = YES;
				CLANG_WARN_DIRECT_OBJC_ISA_USAGE = YES_ERROR;
				CLANG_WARN_DOCUMENTATION_COMMENTS = YES;
				CLANG_WARN_EMPTY_BODY = YES;
				CLANG_WARN_ENUM_CONVERSION = YES;
				CLANG_WARN_INFINITE_RECURSION = YES;
				CLANG_WARN_INT_CONVERSION = YES;
				CLANG_WARN_NON_LITERAL_NULL_CONVERSION = YES;
				CLANG_WARN_OBJC_IMPLICIT_RETAIN_SELF = YES;
				CLANG_WARN_OBJC_LITERAL_CONVERSION = YES;
				CLANG_WARN_OBJC_ROOT_CLASS = YES_ERROR;
				CLANG_WARN_QUOTED_INCLUDE_IN_FRAMEWORK_HEADER = YES;
				CLANG_WARN_RANGE_LOOP_ANALYSIS = YES;
				CLANG_WARN_STRICT_PROTOTYPES = YES;
				CLANG_WARN_SUSPICIOUS_MOVE = YES;
				CLANG_WARN_UNGUARDED_AVAILABILITY = YES_AGGRESSIVE;
				CLANG_WARN_UNREACHABLE_CODE = YES;
				CLANG_WARN__DUPLICATE_METHOD_MATCH = YES;
				COPY_PHASE_STRIP = NO;
				DEBUG_INFORMATION_FORMAT = dwarf;
				ENABLE_STRICT_OBJC_MSGSEND = YES;
				ENABLE_TESTABILITY = YES;
				ENABLE_USER_SCRIPT_SANDBOXING = YES;
				GCC_C_LANGUAGE_STANDARD = gnu17;
				GCC_DYNAMIC_NO_PIC = NO;
				GCC_NO_COMMON_BLOCKS = YES;
				GCC_OPTIMIZATION_LEVEL = 0;
				GCC_PREPROCESSOR_DEFINITIONS = (
					"DEBUG=1",
					"$(inherited)",
				);
				GCC_WARN_64_TO_32_BIT_CONVERSION = YES;
				GCC_WARN_ABOUT_RETURN_TYPE = YES_ERROR;
				GCC_WARN_UNDECLARED_SELECTOR = YES;
				GCC_WARN_UNINITIALIZED_AUTOS = YES_AGGRESSIVE;
				GCC_WARN_UNUSED_FUNCTION = YES;
				GCC_WARN_UNUSED_VARIABLE = YES;
				IPHONEOS_DEPLOYMENT_TARGET = 17.5;
				LOCALIZATION_PREFERS_STRING_CATALOGS = YES;
				MTL_ENABLE_DEBUG_INFO = INCLUDE_SOURCE;
				MTL_FAST_MATH = YES;
				ONLY_ACTIVE_ARCH = YES;
				SDKROOT = iphoneos;
				SWIFT_ACTIVE_COMPILATION_CONDITIONS = "DEBUG $(inherited)";
				SWIFT_OPTIMIZATION_LEVEL = "-Onone";
			};
			name = Debug;
		};
		9BA1557D2C51F7AE00345DA0 /* Release */ = {
			isa = XCBuildConfiguration;
			buildSettings = {
				ALWAYS_SEARCH_USER_PATHS = NO;
				ASSETCATALOG_COMPILER_GENERATE_SWIFT_ASSET_SYMBOL_EXTENSIONS = YES;
				CLANG_ANALYZER_NONNULL = YES;
				CLANG_ANALYZER_NUMBER_OBJECT_CONVERSION = YES_AGGRESSIVE;
				CLANG_CXX_LANGUAGE_STANDARD = "gnu++20";
				CLANG_ENABLE_MODULES = YES;
				CLANG_ENABLE_OBJC_ARC = YES;
				CLANG_ENABLE_OBJC_WEAK = YES;
				CLANG_WARN_BLOCK_CAPTURE_AUTORELEASING = YES;
				CLANG_WARN_BOOL_CONVERSION = YES;
				CLANG_WARN_COMMA = YES;
				CLANG_WARN_CONSTANT_CONVERSION = YES;
				CLANG_WARN_DEPRECATED_OBJC_IMPLEMENTATIONS = YES;
				CLANG_WARN_DIRECT_OBJC_ISA_USAGE = YES_ERROR;
				CLANG_WARN_DOCUMENTATION_COMMENTS = YES;
				CLANG_WARN_EMPTY_BODY = YES;
				CLANG_WARN_ENUM_CONVERSION = YES;
				CLANG_WARN_INFINITE_RECURSION = YES;
				CLANG_WARN_INT_CONVERSION = YES;
				CLANG_WARN_NON_LITERAL_NULL_CONVERSION = YES;
				CLANG_WARN_OBJC_IMPLICIT_RETAIN_SELF = YES;
				CLANG_WARN_OBJC_LITERAL_CONVERSION = YES;
				CLANG_WARN_OBJC_ROOT_CLASS = YES_ERROR;
				CLANG_WARN_QUOTED_INCLUDE_IN_FRAMEWORK_HEADER = YES;
				CLANG_WARN_RANGE_LOOP_ANALYSIS = YES;
				CLANG_WARN_STRICT_PROTOTYPES = YES;
				CLANG_WARN_SUSPICIOUS_MOVE = YES;
				CLANG_WARN_UNGUARDED_AVAILABILITY = YES_AGGRESSIVE;
				CLANG_WARN_UNREACHABLE_CODE = YES;
				CLANG_WARN__DUPLICATE_METHOD_MATCH = YES;
				COPY_PHASE_STRIP = NO;
				DEBUG_INFORMATION_FORMAT = "dwarf-with-dsym";
				ENABLE_NS_ASSERTIONS = NO;
				ENABLE_STRICT_OBJC_MSGSEND = YES;
				ENABLE_USER_SCRIPT_SANDBOXING = YES;
				GCC_C_LANGUAGE_STANDARD = gnu17;
				GCC_NO_COMMON_BLOCKS = YES;
				GCC_WARN_64_TO_32_BIT_CONVERSION = YES;
				GCC_WARN_ABOUT_RETURN_TYPE = YES_ERROR;
				GCC_WARN_UNDECLARED_SELECTOR = YES;
				GCC_WARN_UNINITIALIZED_AUTOS = YES_AGGRESSIVE;
				GCC_WARN_UNUSED_FUNCTION = YES;
				GCC_WARN_UNUSED_VARIABLE = YES;
				IPHONEOS_DEPLOYMENT_TARGET = 17.5;
				LOCALIZATION_PREFERS_STRING_CATALOGS = YES;
				MTL_ENABLE_DEBUG_INFO = NO;
				MTL_FAST_MATH = YES;
				SDKROOT = iphoneos;
				SWIFT_COMPILATION_MODE = wholemodule;
				VALIDATE_PRODUCT = YES;
			};
			name = Release;
		};
		9BA1557F2C51F7AE00345DA0 /* Debug */ = {
			isa = XCBuildConfiguration;
			buildSettings = {
				ALWAYS_EMBED_SWIFT_STANDARD_LIBRARIES = YES;
				ASSETCATALOG_COMPILER_APPICON_NAME = AppIcon;
				ASSETCATALOG_COMPILER_GLOBAL_ACCENT_COLOR_NAME = AccentColor;
				CODE_SIGN_STYLE = Automatic;
				CURRENT_PROJECT_VERSION = 1;
				DEVELOPMENT_ASSET_PATHS = "\"Landmarks/Preview Content\"";
				DEVELOPMENT_TEAM = 3LZ2MREQLX;
				ENABLE_PREVIEWS = YES;
				GENERATE_INFOPLIST_FILE = YES;
				INFOPLIST_KEY_UIApplicationSceneManifest_Generation = YES;
				INFOPLIST_KEY_UIApplicationSupportsIndirectInputEvents = YES;
				INFOPLIST_KEY_UILaunchScreen_Generation = YES;
				INFOPLIST_KEY_UISupportedInterfaceOrientations_iPad = "UIInterfaceOrientationPortrait UIInterfaceOrientationPortraitUpsideDown UIInterfaceOrientationLandscapeLeft UIInterfaceOrientationLandscapeRight";
				INFOPLIST_KEY_UISupportedInterfaceOrientations_iPhone = "UIInterfaceOrientationPortrait UIInterfaceOrientationLandscapeLeft UIInterfaceOrientationLandscapeRight";
				LD_RUNPATH_SEARCH_PATHS = (
					"$(inherited)",
					"@executable_path/Frameworks",
				);
				MARKETING_VERSION = 1.0;
				PRODUCT_BUNDLE_IDENTIFIER = com.easonchang.Landmarks;
				PRODUCT_NAME = "$(TARGET_NAME)";
				SWIFT_EMIT_LOC_STRINGS = YES;
				SWIFT_VERSION = 5.0;
				TARGETED_DEVICE_FAMILY = "1,2";
			};
			name = Debug;
		};
		9BA155802C51F7AE00345DA0 /* Release */ = {
			isa = XCBuildConfiguration;
			buildSettings = {
				ALWAYS_EMBED_SWIFT_STANDARD_LIBRARIES = YES;
				ASSETCATALOG_COMPILER_APPICON_NAME = AppIcon;
				ASSETCATALOG_COMPILER_GLOBAL_ACCENT_COLOR_NAME = AccentColor;
				CODE_SIGN_STYLE = Automatic;
				CURRENT_PROJECT_VERSION = 1;
				DEVELOPMENT_ASSET_PATHS = "\"Landmarks/Preview Content\"";
				DEVELOPMENT_TEAM = 3LZ2MREQLX;
				ENABLE_PREVIEWS = YES;
				GENERATE_INFOPLIST_FILE = YES;
				INFOPLIST_KEY_UIApplicationSceneManifest_Generation = YES;
				INFOPLIST_KEY_UIApplicationSupportsIndirectInputEvents = YES;
				INFOPLIST_KEY_UILaunchScreen_Generation = YES;
				INFOPLIST_KEY_UISupportedInterfaceOrientations_iPad = "UIInterfaceOrientationPortrait UIInterfaceOrientationPortraitUpsideDown UIInterfaceOrientationLandscapeLeft UIInterfaceOrientationLandscapeRight";
				INFOPLIST_KEY_UISupportedInterfaceOrientations_iPhone = "UIInterfaceOrientationPortrait UIInterfaceOrientationLandscapeLeft UIInterfaceOrientationLandscapeRight";
				LD_RUNPATH_SEARCH_PATHS = (
					"$(inherited)",
					"@executable_path/Frameworks",
				);
				MARKETING_VERSION = 1.0;
				PRODUCT_BUNDLE_IDENTIFIER = com.easonchang.Landmarks;
				PRODUCT_NAME = "$(TARGET_NAME)";
				SWIFT_EMIT_LOC_STRINGS = YES;
				SWIFT_VERSION = 5.0;
				TARGETED_DEVICE_FAMILY = "1,2";
			};
			name = Release;
		};
		9BA155822C51F7AE00345DA0 /* Debug */ = {
			isa = XCBuildConfiguration;
			buildSettings = {
				ALWAYS_EMBED_SWIFT_STANDARD_LIBRARIES = YES;
				BUNDLE_LOADER = "$(TEST_HOST)";
				CODE_SIGN_STYLE = Automatic;
				CURRENT_PROJECT_VERSION = 1;
				DEVELOPMENT_TEAM = 3LZ2MREQLX;
				GENERATE_INFOPLIST_FILE = YES;
				IPHONEOS_DEPLOYMENT_TARGET = 17.5;
				MARKETING_VERSION = 1.0;
				PRODUCT_BUNDLE_IDENTIFIER = com.easonchang.LandmarksTests;
				PRODUCT_NAME = "$(TARGET_NAME)";
				SWIFT_EMIT_LOC_STRINGS = NO;
				SWIFT_VERSION = 5.0;
				TARGETED_DEVICE_FAMILY = "1,2";
				TEST_HOST = "$(BUILT_PRODUCTS_DIR)/Landmarks.app/$(BUNDLE_EXECUTABLE_FOLDER_PATH)/Landmarks";
			};
			name = Debug;
		};
		9BA155832C51F7AE00345DA0 /* Release */ = {
			isa = XCBuildConfiguration;
			buildSettings = {
				ALWAYS_EMBED_SWIFT_STANDARD_LIBRARIES = YES;
				BUNDLE_LOADER = "$(TEST_HOST)";
				CODE_SIGN_STYLE = Automatic;
				CURRENT_PROJECT_VERSION = 1;
				DEVELOPMENT_TEAM = 3LZ2MREQLX;
				GENERATE_INFOPLIST_FILE = YES;
				IPHONEOS_DEPLOYMENT_TARGET = 17.5;
				MARKETING_VERSION = 1.0;
				PRODUCT_BUNDLE_IDENTIFIER = com.easonchang.LandmarksTests;
				PRODUCT_NAME = "$(TARGET_NAME)";
				SWIFT_EMIT_LOC_STRINGS = NO;
				SWIFT_VERSION = 5.0;
				TARGETED_DEVICE_FAMILY = "1,2";
				TEST_HOST = "$(BUILT_PRODUCTS_DIR)/Landmarks.app/$(BUNDLE_EXECUTABLE_FOLDER_PATH)/Landmarks";
			};
			name = Release;
		};
		9BA155852C51F7AE00345DA0 /* Debug */ = {
			isa = XCBuildConfiguration;
			buildSettings = {
				ALWAYS_EMBED_SWIFT_STANDARD_LIBRARIES = YES;
				CODE_SIGN_STYLE = Automatic;
				CURRENT_PROJECT_VERSION = 1;
				DEVELOPMENT_TEAM = 3LZ2MREQLX;
				GENERATE_INFOPLIST_FILE = YES;
				MARKETING_VERSION = 1.0;
				PRODUCT_BUNDLE_IDENTIFIER = com.easonchang.LandmarksUITests;
				PRODUCT_NAME = "$(TARGET_NAME)";
				SWIFT_EMIT_LOC_STRINGS = NO;
				SWIFT_VERSION = 5.0;
				TARGETED_DEVICE_FAMILY = "1,2";
				TEST_TARGET_NAME = Landmarks;
			};
			name = Debug;
		};
		9BA155862C51F7AE00345DA0 /* Release */ = {
			isa = XCBuildConfiguration;
			buildSettings = {
				ALWAYS_EMBED_SWIFT_STANDARD_LIBRARIES = YES;
				CODE_SIGN_STYLE = Automatic;
				CURRENT_PROJECT_VERSION = 1;
				DEVELOPMENT_TEAM = 3LZ2MREQLX;
				GENERATE_INFOPLIST_FILE = YES;
				MARKETING_VERSION = 1.0;
				PRODUCT_BUNDLE_IDENTIFIER = com.easonchang.LandmarksUITests;
				PRODUCT_NAME = "$(TARGET_NAME)";
				SWIFT_EMIT_LOC_STRINGS = NO;
				SWIFT_VERSION = 5.0;
				TARGETED_DEVICE_FAMILY = "1,2";
				TEST_TARGET_NAME = Landmarks;
			};
			name = Release;
		};
		9BC6D8DE2C572B9F0090D46F /* Debug */ = {
			isa = XCBuildConfiguration;
			buildSettings = {
				ASSETCATALOG_COMPILER_APPICON_NAME = AppIcon;
				ASSETCATALOG_COMPILER_GLOBAL_ACCENT_COLOR_NAME = AccentColor;
				CODE_SIGN_ENTITLEMENTS = MacLandmarks/MacLandmarks.entitlements;
				CODE_SIGN_STYLE = Automatic;
				COMBINE_HIDPI_IMAGES = YES;
				CURRENT_PROJECT_VERSION = 1;
				DEVELOPMENT_ASSET_PATHS = "\"MacLandmarks/Preview Content\"";
				DEVELOPMENT_TEAM = 3LZ2MREQLX;
				ENABLE_HARDENED_RUNTIME = YES;
				ENABLE_PREVIEWS = YES;
				GENERATE_INFOPLIST_FILE = YES;
				INFOPLIST_KEY_NSHumanReadableCopyright = "";
				LD_RUNPATH_SEARCH_PATHS = (
					"$(inherited)",
					"@executable_path/../Frameworks",
				);
				MACOSX_DEPLOYMENT_TARGET = 14.5;
				MARKETING_VERSION = 1.0;
				PRODUCT_BUNDLE_IDENTIFIER = com.easonchang.MacLandmarks;
				PRODUCT_NAME = "$(TARGET_NAME)";
				SDKROOT = macosx;
				SWIFT_EMIT_LOC_STRINGS = YES;
				SWIFT_VERSION = 5.0;
			};
			name = Debug;
		};
		9BC6D8DF2C572B9F0090D46F /* Release */ = {
			isa = XCBuildConfiguration;
			buildSettings = {
				ASSETCATALOG_COMPILER_APPICON_NAME = AppIcon;
				ASSETCATALOG_COMPILER_GLOBAL_ACCENT_COLOR_NAME = AccentColor;
				CODE_SIGN_ENTITLEMENTS = MacLandmarks/MacLandmarks.entitlements;
				CODE_SIGN_STYLE = Automatic;
				COMBINE_HIDPI_IMAGES = YES;
				CURRENT_PROJECT_VERSION = 1;
				DEVELOPMENT_ASSET_PATHS = "\"MacLandmarks/Preview Content\"";
				DEVELOPMENT_TEAM = 3LZ2MREQLX;
				ENABLE_HARDENED_RUNTIME = YES;
				ENABLE_PREVIEWS = YES;
				GENERATE_INFOPLIST_FILE = YES;
				INFOPLIST_KEY_NSHumanReadableCopyright = "";
				LD_RUNPATH_SEARCH_PATHS = (
					"$(inherited)",
					"@executable_path/../Frameworks",
				);
				MACOSX_DEPLOYMENT_TARGET = 14.5;
				MARKETING_VERSION = 1.0;
				PRODUCT_BUNDLE_IDENTIFIER = com.easonchang.MacLandmarks;
				PRODUCT_NAME = "$(TARGET_NAME)";
				SDKROOT = macosx;
				SWIFT_EMIT_LOC_STRINGS = YES;
				SWIFT_VERSION = 5.0;
			};
			name = Release;
		};
/* End XCBuildConfiguration section */

/* Begin XCConfigurationList section */
		9B036E832C571CCD008DD8CE /* Build configuration list for PBXNativeTarget "WatchLandmarks Watch App" */ = {
			isa = XCConfigurationList;
			buildConfigurations = (
				9B036E842C571CCD008DD8CE /* Debug */,
				9B036E852C571CCD008DD8CE /* Release */,
			);
			defaultConfigurationIsVisible = 0;
			defaultConfigurationName = Release;
		};
		9B1F46C62C574FC7002D3FC2 /* Build configuration list for PBXNativeTarget "VisionLandmarks" */ = {
			isa = XCConfigurationList;
			buildConfigurations = (
				9B1F46C42C574FC7002D3FC2 /* Debug */,
				9B1F46C52C574FC7002D3FC2 /* Release */,
			);
			defaultConfigurationIsVisible = 0;
			defaultConfigurationName = Release;
		};
		9BA155552C51F7AC00345DA0 /* Build configuration list for PBXProject "Landmarks" */ = {
			isa = XCConfigurationList;
			buildConfigurations = (
				9BA1557C2C51F7AE00345DA0 /* Debug */,
				9BA1557D2C51F7AE00345DA0 /* Release */,
			);
			defaultConfigurationIsVisible = 0;
			defaultConfigurationName = Release;
		};
		9BA1557E2C51F7AE00345DA0 /* Build configuration list for PBXNativeTarget "Landmarks" */ = {
			isa = XCConfigurationList;
			buildConfigurations = (
				9BA1557F2C51F7AE00345DA0 /* Debug */,
				9BA155802C51F7AE00345DA0 /* Release */,
			);
			defaultConfigurationIsVisible = 0;
			defaultConfigurationName = Release;
		};
		9BA155812C51F7AE00345DA0 /* Build configuration list for PBXNativeTarget "LandmarksTests" */ = {
			isa = XCConfigurationList;
			buildConfigurations = (
				9BA155822C51F7AE00345DA0 /* Debug */,
				9BA155832C51F7AE00345DA0 /* Release */,
			);
			defaultConfigurationIsVisible = 0;
			defaultConfigurationName = Release;
		};
		9BA155842C51F7AE00345DA0 /* Build configuration list for PBXNativeTarget "LandmarksUITests" */ = {
			isa = XCConfigurationList;
			buildConfigurations = (
				9BA155852C51F7AE00345DA0 /* Debug */,
				9BA155862C51F7AE00345DA0 /* Release */,
			);
			defaultConfigurationIsVisible = 0;
			defaultConfigurationName = Release;
		};
		9BC6D8DD2C572B9F0090D46F /* Build configuration list for PBXNativeTarget "MacLandmarks" */ = {
			isa = XCConfigurationList;
			buildConfigurations = (
				9BC6D8DE2C572B9F0090D46F /* Debug */,
				9BC6D8DF2C572B9F0090D46F /* Release */,
			);
			defaultConfigurationIsVisible = 0;
			defaultConfigurationName = Release;
		};
/* End XCConfigurationList section */

/* Begin XCSwiftPackageProductDependency section */
		9B1F46B62C574FC6002D3FC2 /* RealityKitContent */ = {
			isa = XCSwiftPackageProductDependency;
			productName = RealityKitContent;
		};
/* End XCSwiftPackageProductDependency section */
	};
	rootObject = 9BA155522C51F7AC00345DA0 /* Project object */;
}
